// !$*UTF8*$!
{
	archiveVersion = 1;
	classes = {
	};
	objectVersion = 51;
	objects = {

/* Begin PBXBuildFile section */
		7006EB7124678A1D0040F681 /* SelectLanguageViewController.swift in Sources */ = {isa = PBXBuildFile; fileRef = 7006EB6F24678A1D0040F681 /* SelectLanguageViewController.swift */; };
		7006EB7224678A1D0040F681 /* SelectLanguageViewController.xib in Resources */ = {isa = PBXBuildFile; fileRef = 7006EB7024678A1D0040F681 /* SelectLanguageViewController.xib */; };
		700C828524C5FDF600F3B43E /* Extension-Date.swift in Sources */ = {isa = PBXBuildFile; fileRef = 700C828424C5FDF600F3B43E /* Extension-Date.swift */; };
		7014F1692451EEBD00C3B78B /* TextInputValidation.swift in Sources */ = {isa = PBXBuildFile; fileRef = 7014F1682451EEBD00C3B78B /* TextInputValidation.swift */; };
		7014F16B245201C200C3B78B /* StateTextField.swift in Sources */ = {isa = PBXBuildFile; fileRef = 7014F16A245201C200C3B78B /* StateTextField.swift */; };
		701F3FA924BD24BB00A1CC78 /* ChangeLAnguageViewController.swift in Sources */ = {isa = PBXBuildFile; fileRef = 701F3FA724BD24BB00A1CC78 /* ChangeLAnguageViewController.swift */; };
		701F3FAA24BD24BB00A1CC78 /* ChangeLAnguageViewController.xib in Resources */ = {isa = PBXBuildFile; fileRef = 701F3FA824BD24BB00A1CC78 /* ChangeLAnguageViewController.xib */; };
		701F3FAD24BD349C00A1CC78 /* Extension-UIViewController.swift in Sources */ = {isa = PBXBuildFile; fileRef = 701F3FAC24BD349C00A1CC78 /* Extension-UIViewController.swift */; };
		702CBD11247F37F20064AA21 /* ViewPostInterator.swift in Sources */ = {isa = PBXBuildFile; fileRef = 702CBD10247F37F20064AA21 /* ViewPostInterator.swift */; };
		7030EF54244BB78700093608 /* ImageLoader.swift in Sources */ = {isa = PBXBuildFile; fileRef = 7030EF53244BB78700093608 /* ImageLoader.swift */; };
		704F87542447CDD500C1C4D4 /* FeedCell.swift in Sources */ = {isa = PBXBuildFile; fileRef = 704F87522447CDD500C1C4D4 /* FeedCell.swift */; };
		704F87552447CDD500C1C4D4 /* FeedCell.xib in Resources */ = {isa = PBXBuildFile; fileRef = 704F87532447CDD500C1C4D4 /* FeedCell.xib */; };
		70698CE6246854B700D2D744 /* CreatePostViewController.swift in Sources */ = {isa = PBXBuildFile; fileRef = 70698CE4246854B700D2D744 /* CreatePostViewController.swift */; };
		70698CE7246854B700D2D744 /* CreatePostViewController.xib in Resources */ = {isa = PBXBuildFile; fileRef = 70698CE5246854B700D2D744 /* CreatePostViewController.xib */; };
		70698CEA246857E600D2D744 /* CreatePostPresenter.swift in Sources */ = {isa = PBXBuildFile; fileRef = 70698CE9246857E600D2D744 /* CreatePostPresenter.swift */; };
		70698CED2468592300D2D744 /* CreatePostProtocols.swift in Sources */ = {isa = PBXBuildFile; fileRef = 70698CEC2468592300D2D744 /* CreatePostProtocols.swift */; };
		70698CF024685ABF00D2D744 /* CreatePostInterator.swift in Sources */ = {isa = PBXBuildFile; fileRef = 70698CEF24685ABF00D2D744 /* CreatePostInterator.swift */; };
		70698CF3246860AA00D2D744 /* LanguagePopoverController.swift in Sources */ = {isa = PBXBuildFile; fileRef = 70698CF1246860AA00D2D744 /* LanguagePopoverController.swift */; };
		70698CF4246860AA00D2D744 /* LanguagePopoverController.xib in Resources */ = {isa = PBXBuildFile; fileRef = 70698CF2246860AA00D2D744 /* LanguagePopoverController.xib */; };
		70698CF72468C3C000D2D744 /* Error.swift in Sources */ = {isa = PBXBuildFile; fileRef = 70698CF62468C3C000D2D744 /* Error.swift */; };
		70698CFC2468DDC800D2D744 /* ViewPostViewController.swift in Sources */ = {isa = PBXBuildFile; fileRef = 70698CFA2468DDC800D2D744 /* ViewPostViewController.swift */; };
		70698CFD2468DDC800D2D744 /* ViewPostViewController.xib in Resources */ = {isa = PBXBuildFile; fileRef = 70698CFB2468DDC800D2D744 /* ViewPostViewController.xib */; };
		706E826A24C5E9AD00D87B78 /* SectionColor.swift in Sources */ = {isa = PBXBuildFile; fileRef = 706E826924C5E9AD00D87B78 /* SectionColor.swift */; };
		7075F5242489A4C900851F28 /* ActivityCell.swift in Sources */ = {isa = PBXBuildFile; fileRef = 7075F5222489A4C900851F28 /* ActivityCell.swift */; };
		7075F5252489A4C900851F28 /* ActivityCell.xib in Resources */ = {isa = PBXBuildFile; fileRef = 7075F5232489A4C900851F28 /* ActivityCell.xib */; };
		7075F5272489A9CA00851F28 /* Notification.swift in Sources */ = {isa = PBXBuildFile; fileRef = 7075F5262489A9CA00851F28 /* Notification.swift */; };
		7075F5292489D4F800851F28 /* ViewActivitiesProtocols.swift in Sources */ = {isa = PBXBuildFile; fileRef = 7075F5282489D4F800851F28 /* ViewActivitiesProtocols.swift */; };
		7075F52B2489DC2800851F28 /* ViewActivitiesPresenter.swift in Sources */ = {isa = PBXBuildFile; fileRef = 7075F52A2489DC2800851F28 /* ViewActivitiesPresenter.swift */; };
		7075F52D2489DF9A00851F28 /* ViewActivitiesInterator.swift in Sources */ = {isa = PBXBuildFile; fileRef = 7075F52C2489DF9A00851F28 /* ViewActivitiesInterator.swift */; };
		707F384C2445226200DCEBE6 /* AppDelegate.swift in Sources */ = {isa = PBXBuildFile; fileRef = 707F384B2445226200DCEBE6 /* AppDelegate.swift */; };
		707F384E2445226200DCEBE6 /* SceneDelegate.swift in Sources */ = {isa = PBXBuildFile; fileRef = 707F384D2445226200DCEBE6 /* SceneDelegate.swift */; };
		707F38502445226200DCEBE6 /* ViewController.swift in Sources */ = {isa = PBXBuildFile; fileRef = 707F384F2445226200DCEBE6 /* ViewController.swift */; };
		707F38532445226200DCEBE6 /* Main.storyboard in Resources */ = {isa = PBXBuildFile; fileRef = 707F38512445226200DCEBE6 /* Main.storyboard */; };
		707F38552445226400DCEBE6 /* Assets.xcassets in Resources */ = {isa = PBXBuildFile; fileRef = 707F38542445226400DCEBE6 /* Assets.xcassets */; };
		707F38582445226400DCEBE6 /* LaunchScreen.storyboard in Resources */ = {isa = PBXBuildFile; fileRef = 707F38562445226400DCEBE6 /* LaunchScreen.storyboard */; };
		707F38602445290500DCEBE6 /* GoogleService-Info.plist in Resources */ = {isa = PBXBuildFile; fileRef = 707F385F2445290500DCEBE6 /* GoogleService-Info.plist */; };
		707F386824452DD800DCEBE6 /* FeedViewController.xib in Resources */ = {isa = PBXBuildFile; fileRef = 707F386724452DD800DCEBE6 /* FeedViewController.xib */; };
		707F386A24452ECA00DCEBE6 /* StorageAPI.swift in Sources */ = {isa = PBXBuildFile; fileRef = 707F386924452ECA00DCEBE6 /* StorageAPI.swift */; };
		707F386C24452FE000DCEBE6 /* Languages.swift in Sources */ = {isa = PBXBuildFile; fileRef = 707F386B24452FE000DCEBE6 /* Languages.swift */; };
		707F386E2445349C00DCEBE6 /* FeedProtocols.swift in Sources */ = {isa = PBXBuildFile; fileRef = 707F386D2445349C00DCEBE6 /* FeedProtocols.swift */; };
		707F38702445383100DCEBE6 /* Post.swift in Sources */ = {isa = PBXBuildFile; fileRef = 707F386F2445383100DCEBE6 /* Post.swift */; };
		707F3872244546D500DCEBE6 /* StateController.swift in Sources */ = {isa = PBXBuildFile; fileRef = 707F3871244546D400DCEBE6 /* StateController.swift */; };
		707F3874244548B200DCEBE6 /* FeedInteator.swift in Sources */ = {isa = PBXBuildFile; fileRef = 707F3873244548B200DCEBE6 /* FeedInteator.swift */; };
		707F387624454C0200DCEBE6 /* FeedPresenter.swift in Sources */ = {isa = PBXBuildFile; fileRef = 707F387524454C0200DCEBE6 /* FeedPresenter.swift */; };
		708014C0246AE51D00D917A9 /* ViewPostPresenter.swift in Sources */ = {isa = PBXBuildFile; fileRef = 708014BF246AE51D00D917A9 /* ViewPostPresenter.swift */; };
		7084A807247FF3EF0077284D /* AppCoordinator.swift in Sources */ = {isa = PBXBuildFile; fileRef = 7084A806247FF3EF0077284D /* AppCoordinator.swift */; };
		7084A809247FFF7E0077284D /* SignUpCoordinator.swift in Sources */ = {isa = PBXBuildFile; fileRef = 7084A808247FFF7E0077284D /* SignUpCoordinator.swift */; };
		7084A80B24800A350077284D /* SelectLanguagesCoordinator.swift in Sources */ = {isa = PBXBuildFile; fileRef = 7084A80A24800A350077284D /* SelectLanguagesCoordinator.swift */; };
		7084A80D24804C4F0077284D /* FeedCoordinator.swift in Sources */ = {isa = PBXBuildFile; fileRef = 7084A80C24804C4F0077284D /* FeedCoordinator.swift */; };
		7084A8102480561A0077284D /* CreatePostCoordinator.swift in Sources */ = {isa = PBXBuildFile; fileRef = 7084A80F2480561A0077284D /* CreatePostCoordinator.swift */; };
		7084A812248099850077284D /* ViewPostCoordinator.swift in Sources */ = {isa = PBXBuildFile; fileRef = 7084A811248099850077284D /* ViewPostCoordinator.swift */; };
		70867F97244608F50064482E /* FeedViewController.swift in Sources */ = {isa = PBXBuildFile; fileRef = 70867F96244608F50064482E /* FeedViewController.swift */; };
		708A29D6248A81E0009E93B3 /* ViewActivitiesCoordinator.swift in Sources */ = {isa = PBXBuildFile; fileRef = 708A29D5248A81E0009E93B3 /* ViewActivitiesCoordinator.swift */; };
		708A29DF248A8EF8009E93B3 /* ProfileViewController.swift in Sources */ = {isa = PBXBuildFile; fileRef = 708A29DD248A8EF8009E93B3 /* ProfileViewController.swift */; };
		708A29E0248A8EF8009E93B3 /* ProfileViewController.xib in Resources */ = {isa = PBXBuildFile; fileRef = 708A29DE248A8EF8009E93B3 /* ProfileViewController.xib */; };
		708A29E3248A967D009E93B3 /* UserCell.swift in Sources */ = {isa = PBXBuildFile; fileRef = 708A29E1248A967D009E93B3 /* UserCell.swift */; };
		708A29E4248A967D009E93B3 /* UserCell.xib in Resources */ = {isa = PBXBuildFile; fileRef = 708A29E2248A967D009E93B3 /* UserCell.xib */; };
		708A29E7248A9962009E93B3 /* OptionCell.swift in Sources */ = {isa = PBXBuildFile; fileRef = 708A29E5248A9962009E93B3 /* OptionCell.swift */; };
		708A29E8248A9962009E93B3 /* OptionCell.xib in Resources */ = {isa = PBXBuildFile; fileRef = 708A29E6248A9962009E93B3 /* OptionCell.xib */; };
		708A29EA248A9E56009E93B3 /* ProfileCoordinator.swift in Sources */ = {isa = PBXBuildFile; fileRef = 708A29E9248A9E56009E93B3 /* ProfileCoordinator.swift */; };
		708A29EC248B2407009E93B3 /* ProfilePresenter.swift in Sources */ = {isa = PBXBuildFile; fileRef = 708A29EB248B2407009E93B3 /* ProfilePresenter.swift */; };
		708A29EE248B242E009E93B3 /* ProfileProtocols.swift in Sources */ = {isa = PBXBuildFile; fileRef = 708A29ED248B242E009E93B3 /* ProfileProtocols.swift */; };
		708A29F2248B2ABB009E93B3 /* EditInformationViewController.swift in Sources */ = {isa = PBXBuildFile; fileRef = 708A29F0248B2ABB009E93B3 /* EditInformationViewController.swift */; };
		708A29F3248B2ABB009E93B3 /* EditInformationViewController.xib in Resources */ = {isa = PBXBuildFile; fileRef = 708A29F1248B2ABB009E93B3 /* EditInformationViewController.xib */; };
		708A29F5248B2D24009E93B3 /* CameraHandler.swift in Sources */ = {isa = PBXBuildFile; fileRef = 708A29F4248B2D24009E93B3 /* CameraHandler.swift */; };
		708A29F7248B3794009E93B3 /* ProfileInterator.swift in Sources */ = {isa = PBXBuildFile; fileRef = 708A29F6248B3794009E93B3 /* ProfileInterator.swift */; };
		708AC214249CF575002E460C /* SettingsViewController.swift in Sources */ = {isa = PBXBuildFile; fileRef = 708AC212249CF575002E460C /* SettingsViewController.swift */; };
		708AC215249CF575002E460C /* SettingsViewController.xib in Resources */ = {isa = PBXBuildFile; fileRef = 708AC213249CF575002E460C /* SettingsViewController.xib */; };
		708AC218249CF5CF002E460C /* SettingViewCell.swift in Sources */ = {isa = PBXBuildFile; fileRef = 708AC216249CF5CF002E460C /* SettingViewCell.swift */; };
		708AC219249CF5CF002E460C /* SettingViewCell.xib in Resources */ = {isa = PBXBuildFile; fileRef = 708AC217249CF5CF002E460C /* SettingViewCell.xib */; };
		708AC21D249CFDD2002E460C /* UserPostsViewController.swift in Sources */ = {isa = PBXBuildFile; fileRef = 708AC21B249CFDD2002E460C /* UserPostsViewController.swift */; };
		708AC21E249CFDD3002E460C /* UserPostsViewController.xib in Resources */ = {isa = PBXBuildFile; fileRef = 708AC21C249CFDD2002E460C /* UserPostsViewController.xib */; };
		708E000D24C1E3EF00F28A75 /* SFCompactDisplay-Thin.otf in Resources */ = {isa = PBXBuildFile; fileRef = 708E000424C1E3EE00F28A75 /* SFCompactDisplay-Thin.otf */; };
		708E000E24C1E3EF00F28A75 /* SFCompactDisplay-Heavy.otf in Resources */ = {isa = PBXBuildFile; fileRef = 708E000524C1E3EE00F28A75 /* SFCompactDisplay-Heavy.otf */; };
		708E000F24C1E3EF00F28A75 /* SFCompactDisplay-Ultralight.otf in Resources */ = {isa = PBXBuildFile; fileRef = 708E000624C1E3EE00F28A75 /* SFCompactDisplay-Ultralight.otf */; };
		708E001024C1E3EF00F28A75 /* SFCompactDisplay-Bold.otf in Resources */ = {isa = PBXBuildFile; fileRef = 708E000724C1E3EE00F28A75 /* SFCompactDisplay-Bold.otf */; };
		708E001124C1E3EF00F28A75 /* SFCompactDisplay-Medium.otf in Resources */ = {isa = PBXBuildFile; fileRef = 708E000824C1E3EE00F28A75 /* SFCompactDisplay-Medium.otf */; };
		708E001224C1E3EF00F28A75 /* SFCompactDisplay-Regular.otf in Resources */ = {isa = PBXBuildFile; fileRef = 708E000924C1E3EE00F28A75 /* SFCompactDisplay-Regular.otf */; };
		708E001324C1E3EF00F28A75 /* SFCompactDisplay-Light.otf in Resources */ = {isa = PBXBuildFile; fileRef = 708E000A24C1E3EE00F28A75 /* SFCompactDisplay-Light.otf */; };
		708E001424C1E3EF00F28A75 /* SFCompactDisplay-Black.otf in Resources */ = {isa = PBXBuildFile; fileRef = 708E000B24C1E3EE00F28A75 /* SFCompactDisplay-Black.otf */; };
		708E001524C1E3EF00F28A75 /* SFCompactDisplay-Semibold.otf in Resources */ = {isa = PBXBuildFile; fileRef = 708E000C24C1E3EF00F28A75 /* SFCompactDisplay-Semibold.otf */; };
		70918CC824C0AF4C005B4749 /* LoadingScreen.swift in Sources */ = {isa = PBXBuildFile; fileRef = 70918CC724C0AF4C005B4749 /* LoadingScreen.swift */; };
		709E7B482485FA2600274D33 /* ViewActivityViewController.swift in Sources */ = {isa = PBXBuildFile; fileRef = 709E7B462485FA2600274D33 /* ViewActivityViewController.swift */; };
		709E7B492485FA2600274D33 /* ViewActivityViewController.xib in Resources */ = {isa = PBXBuildFile; fileRef = 709E7B472485FA2600274D33 /* ViewActivityViewController.xib */; };
		709FB1FE24BDF7750010AFDC /* ManegeAccountDelegate.swift in Sources */ = {isa = PBXBuildFile; fileRef = 709FB1FD24BDF7740010AFDC /* ManegeAccountDelegate.swift */; };
		709FB20224BE07970010AFDC /* SignInEmailPasswordViewController.swift in Sources */ = {isa = PBXBuildFile; fileRef = 709FB20024BE07970010AFDC /* SignInEmailPasswordViewController.swift */; };
		709FB20324BE07970010AFDC /* SignInEmailPasswordViewController.xib in Resources */ = {isa = PBXBuildFile; fileRef = 709FB20124BE07970010AFDC /* SignInEmailPasswordViewController.xib */; };
		70AF712324C3408E0080A3C2 /* LearningOnBoardViewController.swift in Sources */ = {isa = PBXBuildFile; fileRef = 70AF712124C3408E0080A3C2 /* LearningOnBoardViewController.swift */; };
		70AF712424C3408E0080A3C2 /* LearningOnBoardViewController.xib in Resources */ = {isa = PBXBuildFile; fileRef = 70AF712224C3408E0080A3C2 /* LearningOnBoardViewController.xib */; };
		70AF712724C346180080A3C2 /* TeachingOnBoardViewController.swift in Sources */ = {isa = PBXBuildFile; fileRef = 70AF712524C346180080A3C2 /* TeachingOnBoardViewController.swift */; };
		70AF712824C346180080A3C2 /* TeachingOnBoardViewController.xib in Resources */ = {isa = PBXBuildFile; fileRef = 70AF712624C346180080A3C2 /* TeachingOnBoardViewController.xib */; };
		70AF712A24C355200080A3C2 /* PageViewController.swift in Sources */ = {isa = PBXBuildFile; fileRef = 70AF712924C355200080A3C2 /* PageViewController.swift */; };
		70AF88DD24C4CFEC002CB888 /* UnderLineTextField.swift in Sources */ = {isa = PBXBuildFile; fileRef = 70AF88DC24C4CFEC002CB888 /* UnderLineTextField.swift */; };
		70AFD98824D06259003AA376 /* Oxygen in Resources */ = {isa = PBXBuildFile; fileRef = 70AFD98724D06259003AA376 /* Oxygen */; };
		70AFD98B24D114E8003AA376 /* ReautheticationScreenViewController.swift in Sources */ = {isa = PBXBuildFile; fileRef = 70AFD98924D114E8003AA376 /* ReautheticationScreenViewController.swift */; };
		70AFD98C24D114E8003AA376 /* ReautheticationScreenViewController.xib in Resources */ = {isa = PBXBuildFile; fileRef = 70AFD98A24D114E8003AA376 /* ReautheticationScreenViewController.xib */; };
		70B6391B24678F9600966A56 /* SelectLanguagesProtocols.swift in Sources */ = {isa = PBXBuildFile; fileRef = 70B6391A24678F9600966A56 /* SelectLanguagesProtocols.swift */; };
		70B6391E246792B300966A56 /* LanguageCell.swift in Sources */ = {isa = PBXBuildFile; fileRef = 70B6391C246792B300966A56 /* LanguageCell.swift */; };
		70B6391F246792B300966A56 /* LanguageCell.xib in Resources */ = {isa = PBXBuildFile; fileRef = 70B6391D246792B300966A56 /* LanguageCell.xib */; };
		70C1A04F244D0364008F31DB /* FilterCell.swift in Sources */ = {isa = PBXBuildFile; fileRef = 70C1A04D244D0364008F31DB /* FilterCell.swift */; };
		70C1A050244D0364008F31DB /* FilterCell.xib in Resources */ = {isa = PBXBuildFile; fileRef = 70C1A04E244D0364008F31DB /* FilterCell.xib */; };
		70C1A054244D2210008F31DB /* User.swift in Sources */ = {isa = PBXBuildFile; fileRef = 70C1A053244D2210008F31DB /* User.swift */; };
		70C1A05F244D2D02008F31DB /* SignUpViewController.swift in Sources */ = {isa = PBXBuildFile; fileRef = 70C1A05D244D2D02008F31DB /* SignUpViewController.swift */; };
		70C1A060244D2D02008F31DB /* SignUpViewController.xib in Resources */ = {isa = PBXBuildFile; fileRef = 70C1A05E244D2D02008F31DB /* SignUpViewController.xib */; };
		70C1A062244D2F66008F31DB /* SignUpPresenter.swift in Sources */ = {isa = PBXBuildFile; fileRef = 70C1A061244D2F66008F31DB /* SignUpPresenter.swift */; };
		70C1A064244D2F74008F31DB /* SignUpInterator.swift in Sources */ = {isa = PBXBuildFile; fileRef = 70C1A063244D2F74008F31DB /* SignUpInterator.swift */; };
		70C1A066244D2FC9008F31DB /* SignUpProtocols.swift in Sources */ = {isa = PBXBuildFile; fileRef = 70C1A065244D2FC9008F31DB /* SignUpProtocols.swift */; };
		70C1A069244D3014008F31DB /* SignUpAPI.swift in Sources */ = {isa = PBXBuildFile; fileRef = 70C1A068244D3014008F31DB /* SignUpAPI.swift */; };
		70C1A06B244D33A0008F31DB /* TextFieldInterator.swift in Sources */ = {isa = PBXBuildFile; fileRef = 70C1A06A244D33A0008F31DB /* TextFieldInterator.swift */; };
		70C1A06D244D4963008F31DB /* InputValidationServiceAPI.swift in Sources */ = {isa = PBXBuildFile; fileRef = 70C1A06C244D4963008F31DB /* InputValidationServiceAPI.swift */; };
		70DD9FFA24C4989E00BB6BCD /* PostLabel.swift in Sources */ = {isa = PBXBuildFile; fileRef = 70DD9FF924C4989E00BB6BCD /* PostLabel.swift */; };
		70E8495B24BE307600FD3250 /* SignInEmailPasswordPresenter.swift in Sources */ = {isa = PBXBuildFile; fileRef = 70E8495A24BE307600FD3250 /* SignInEmailPasswordPresenter.swift */; };
		70E8495D24BE308700FD3250 /* SignInEmailPasswordInterator.swift in Sources */ = {isa = PBXBuildFile; fileRef = 70E8495C24BE308700FD3250 /* SignInEmailPasswordInterator.swift */; };
		70E8495F24BE309500FD3250 /* SignInEmailPasswordRouter.swift in Sources */ = {isa = PBXBuildFile; fileRef = 70E8495E24BE309500FD3250 /* SignInEmailPasswordRouter.swift */; };
		70E8496224BE30B900FD3250 /* SignInEmailPasswordProtocols.swift in Sources */ = {isa = PBXBuildFile; fileRef = 70E8496124BE30B900FD3250 /* SignInEmailPasswordProtocols.swift */; };
		70EE70FB2487E28000A9BDDE /* TabNavigationController.swift in Sources */ = {isa = PBXBuildFile; fileRef = 70EE70FA2487E28000A9BDDE /* TabNavigationController.swift */; };
		70FABC632482A7FB00825EC9 /* PushNotificationManeger.swift in Sources */ = {isa = PBXBuildFile; fileRef = 70FABC622482A7FB00825EC9 /* PushNotificationManeger.swift */; };
		70FABC652482B02D00825EC9 /* PushNotificationSender.swift in Sources */ = {isa = PBXBuildFile; fileRef = 70FABC642482B02D00825EC9 /* PushNotificationSender.swift */; };
		70FB8B3C24698A900031DBFF /* PostCell.swift in Sources */ = {isa = PBXBuildFile; fileRef = 70FB8B3A24698A900031DBFF /* PostCell.swift */; };
		70FB8B3D24698A900031DBFF /* PostCell.xib in Resources */ = {isa = PBXBuildFile; fileRef = 70FB8B3B24698A900031DBFF /* PostCell.xib */; };
		70FB8B4024698E100031DBFF /* CommentCell.swift in Sources */ = {isa = PBXBuildFile; fileRef = 70FB8B3E24698E100031DBFF /* CommentCell.swift */; };
		70FB8B4124698E100031DBFF /* CommentCell.xib in Resources */ = {isa = PBXBuildFile; fileRef = 70FB8B3F24698E100031DBFF /* CommentCell.xib */; };
		70FB8B432469915B0031DBFF /* Comment.swift in Sources */ = {isa = PBXBuildFile; fileRef = 70FB8B422469915B0031DBFF /* Comment.swift */; };
		70FB8B492469BC720031DBFF /* ViewPostProtocols.swift in Sources */ = {isa = PBXBuildFile; fileRef = 70FB8B482469BC720031DBFF /* ViewPostProtocols.swift */; };
		884CB0A1B1AC0B91E8E44827 /* Pods_ProjetoIdiomas.framework in Frameworks */ = {isa = PBXBuildFile; fileRef = 79ECD0B6CD99EC7D405938E3 /* Pods_ProjetoIdiomas.framework */; };
/* End PBXBuildFile section */

/* Begin PBXFileReference section */
		7006EB6F24678A1D0040F681 /* SelectLanguageViewController.swift */ = {isa = PBXFileReference; lastKnownFileType = sourcecode.swift; path = SelectLanguageViewController.swift; sourceTree = "<group>"; };
		7006EB7024678A1D0040F681 /* SelectLanguageViewController.xib */ = {isa = PBXFileReference; lastKnownFileType = file.xib; path = SelectLanguageViewController.xib; sourceTree = "<group>"; };
		700C828424C5FDF600F3B43E /* Extension-Date.swift */ = {isa = PBXFileReference; lastKnownFileType = sourcecode.swift; path = "Extension-Date.swift"; sourceTree = "<group>"; };
		7014F1682451EEBD00C3B78B /* TextInputValidation.swift */ = {isa = PBXFileReference; lastKnownFileType = sourcecode.swift; path = TextInputValidation.swift; sourceTree = "<group>"; };
		7014F16A245201C200C3B78B /* StateTextField.swift */ = {isa = PBXFileReference; lastKnownFileType = sourcecode.swift; path = StateTextField.swift; sourceTree = "<group>"; };
		701F3FA724BD24BB00A1CC78 /* ChangeLAnguageViewController.swift */ = {isa = PBXFileReference; lastKnownFileType = sourcecode.swift; path = ChangeLAnguageViewController.swift; sourceTree = "<group>"; };
		701F3FA824BD24BB00A1CC78 /* ChangeLAnguageViewController.xib */ = {isa = PBXFileReference; lastKnownFileType = file.xib; path = ChangeLAnguageViewController.xib; sourceTree = "<group>"; };
		701F3FAC24BD349C00A1CC78 /* Extension-UIViewController.swift */ = {isa = PBXFileReference; lastKnownFileType = sourcecode.swift; path = "Extension-UIViewController.swift"; sourceTree = "<group>"; };
		702CBD10247F37F20064AA21 /* ViewPostInterator.swift */ = {isa = PBXFileReference; lastKnownFileType = sourcecode.swift; path = ViewPostInterator.swift; sourceTree = "<group>"; };
		7030EF53244BB78700093608 /* ImageLoader.swift */ = {isa = PBXFileReference; lastKnownFileType = sourcecode.swift; path = ImageLoader.swift; sourceTree = "<group>"; };
		704F87522447CDD500C1C4D4 /* FeedCell.swift */ = {isa = PBXFileReference; lastKnownFileType = sourcecode.swift; path = FeedCell.swift; sourceTree = "<group>"; };
		704F87532447CDD500C1C4D4 /* FeedCell.xib */ = {isa = PBXFileReference; lastKnownFileType = file.xib; path = FeedCell.xib; sourceTree = "<group>"; };
		70698CE4246854B700D2D744 /* CreatePostViewController.swift */ = {isa = PBXFileReference; lastKnownFileType = sourcecode.swift; path = CreatePostViewController.swift; sourceTree = "<group>"; };
		70698CE5246854B700D2D744 /* CreatePostViewController.xib */ = {isa = PBXFileReference; lastKnownFileType = file.xib; path = CreatePostViewController.xib; sourceTree = "<group>"; };
		70698CE9246857E600D2D744 /* CreatePostPresenter.swift */ = {isa = PBXFileReference; lastKnownFileType = sourcecode.swift; path = CreatePostPresenter.swift; sourceTree = "<group>"; };
		70698CEC2468592300D2D744 /* CreatePostProtocols.swift */ = {isa = PBXFileReference; lastKnownFileType = sourcecode.swift; path = CreatePostProtocols.swift; sourceTree = "<group>"; };
		70698CEF24685ABF00D2D744 /* CreatePostInterator.swift */ = {isa = PBXFileReference; lastKnownFileType = sourcecode.swift; path = CreatePostInterator.swift; sourceTree = "<group>"; };
		70698CF1246860AA00D2D744 /* LanguagePopoverController.swift */ = {isa = PBXFileReference; lastKnownFileType = sourcecode.swift; path = LanguagePopoverController.swift; sourceTree = "<group>"; };
		70698CF2246860AA00D2D744 /* LanguagePopoverController.xib */ = {isa = PBXFileReference; lastKnownFileType = file.xib; path = LanguagePopoverController.xib; sourceTree = "<group>"; };
		70698CF62468C3C000D2D744 /* Error.swift */ = {isa = PBXFileReference; lastKnownFileType = sourcecode.swift; path = Error.swift; sourceTree = "<group>"; };
		70698CFA2468DDC800D2D744 /* ViewPostViewController.swift */ = {isa = PBXFileReference; lastKnownFileType = sourcecode.swift; path = ViewPostViewController.swift; sourceTree = "<group>"; };
		70698CFB2468DDC800D2D744 /* ViewPostViewController.xib */ = {isa = PBXFileReference; lastKnownFileType = file.xib; path = ViewPostViewController.xib; sourceTree = "<group>"; };
		706E826924C5E9AD00D87B78 /* SectionColor.swift */ = {isa = PBXFileReference; lastKnownFileType = sourcecode.swift; path = SectionColor.swift; sourceTree = "<group>"; };
		7075F5222489A4C900851F28 /* ActivityCell.swift */ = {isa = PBXFileReference; lastKnownFileType = sourcecode.swift; path = ActivityCell.swift; sourceTree = "<group>"; };
		7075F5232489A4C900851F28 /* ActivityCell.xib */ = {isa = PBXFileReference; lastKnownFileType = file.xib; path = ActivityCell.xib; sourceTree = "<group>"; };
		7075F5262489A9CA00851F28 /* Notification.swift */ = {isa = PBXFileReference; lastKnownFileType = sourcecode.swift; path = Notification.swift; sourceTree = "<group>"; };
		7075F5282489D4F800851F28 /* ViewActivitiesProtocols.swift */ = {isa = PBXFileReference; lastKnownFileType = sourcecode.swift; path = ViewActivitiesProtocols.swift; sourceTree = "<group>"; };
		7075F52A2489DC2800851F28 /* ViewActivitiesPresenter.swift */ = {isa = PBXFileReference; lastKnownFileType = sourcecode.swift; path = ViewActivitiesPresenter.swift; sourceTree = "<group>"; };
		7075F52C2489DF9A00851F28 /* ViewActivitiesInterator.swift */ = {isa = PBXFileReference; lastKnownFileType = sourcecode.swift; path = ViewActivitiesInterator.swift; sourceTree = "<group>"; };
		707F38482445226200DCEBE6 /* Project Languages.app */ = {isa = PBXFileReference; explicitFileType = wrapper.application; includeInIndex = 0; path = "Project Languages.app"; sourceTree = BUILT_PRODUCTS_DIR; };
		707F384B2445226200DCEBE6 /* AppDelegate.swift */ = {isa = PBXFileReference; lastKnownFileType = sourcecode.swift; path = AppDelegate.swift; sourceTree = "<group>"; };
		707F384D2445226200DCEBE6 /* SceneDelegate.swift */ = {isa = PBXFileReference; lastKnownFileType = sourcecode.swift; path = SceneDelegate.swift; sourceTree = "<group>"; };
		707F384F2445226200DCEBE6 /* ViewController.swift */ = {isa = PBXFileReference; lastKnownFileType = sourcecode.swift; path = ViewController.swift; sourceTree = "<group>"; };
		707F38522445226200DCEBE6 /* Base */ = {isa = PBXFileReference; lastKnownFileType = file.storyboard; name = Base; path = Base.lproj/Main.storyboard; sourceTree = "<group>"; };
		707F38542445226400DCEBE6 /* Assets.xcassets */ = {isa = PBXFileReference; lastKnownFileType = folder.assetcatalog; path = Assets.xcassets; sourceTree = "<group>"; };
		707F38572445226400DCEBE6 /* Base */ = {isa = PBXFileReference; lastKnownFileType = file.storyboard; name = Base; path = Base.lproj/LaunchScreen.storyboard; sourceTree = "<group>"; };
		707F38592445226400DCEBE6 /* Info.plist */ = {isa = PBXFileReference; lastKnownFileType = text.plist.xml; path = Info.plist; sourceTree = "<group>"; };
		707F385F2445290500DCEBE6 /* GoogleService-Info.plist */ = {isa = PBXFileReference; fileEncoding = 4; lastKnownFileType = text.plist.xml; path = "GoogleService-Info.plist"; sourceTree = "<group>"; };
		707F386724452DD800DCEBE6 /* FeedViewController.xib */ = {isa = PBXFileReference; lastKnownFileType = file.xib; path = FeedViewController.xib; sourceTree = "<group>"; };
		707F386924452ECA00DCEBE6 /* StorageAPI.swift */ = {isa = PBXFileReference; lastKnownFileType = sourcecode.swift; path = StorageAPI.swift; sourceTree = "<group>"; };
		707F386B24452FE000DCEBE6 /* Languages.swift */ = {isa = PBXFileReference; lastKnownFileType = sourcecode.swift; path = Languages.swift; sourceTree = "<group>"; };
		707F386D2445349C00DCEBE6 /* FeedProtocols.swift */ = {isa = PBXFileReference; lastKnownFileType = sourcecode.swift; path = FeedProtocols.swift; sourceTree = "<group>"; };
		707F386F2445383100DCEBE6 /* Post.swift */ = {isa = PBXFileReference; lastKnownFileType = sourcecode.swift; path = Post.swift; sourceTree = "<group>"; };
		707F3871244546D400DCEBE6 /* StateController.swift */ = {isa = PBXFileReference; lastKnownFileType = sourcecode.swift; path = StateController.swift; sourceTree = "<group>"; };
		707F3873244548B200DCEBE6 /* FeedInteator.swift */ = {isa = PBXFileReference; lastKnownFileType = sourcecode.swift; path = FeedInteator.swift; sourceTree = "<group>"; };
		707F387524454C0200DCEBE6 /* FeedPresenter.swift */ = {isa = PBXFileReference; lastKnownFileType = sourcecode.swift; path = FeedPresenter.swift; sourceTree = "<group>"; };
		708014BF246AE51D00D917A9 /* ViewPostPresenter.swift */ = {isa = PBXFileReference; lastKnownFileType = sourcecode.swift; path = ViewPostPresenter.swift; sourceTree = "<group>"; };
		7084A806247FF3EF0077284D /* AppCoordinator.swift */ = {isa = PBXFileReference; lastKnownFileType = sourcecode.swift; path = AppCoordinator.swift; sourceTree = "<group>"; };
		7084A808247FFF7E0077284D /* SignUpCoordinator.swift */ = {isa = PBXFileReference; lastKnownFileType = sourcecode.swift; path = SignUpCoordinator.swift; sourceTree = "<group>"; };
		7084A80A24800A350077284D /* SelectLanguagesCoordinator.swift */ = {isa = PBXFileReference; lastKnownFileType = sourcecode.swift; path = SelectLanguagesCoordinator.swift; sourceTree = "<group>"; };
		7084A80C24804C4F0077284D /* FeedCoordinator.swift */ = {isa = PBXFileReference; lastKnownFileType = sourcecode.swift; path = FeedCoordinator.swift; sourceTree = "<group>"; };
		7084A80F2480561A0077284D /* CreatePostCoordinator.swift */ = {isa = PBXFileReference; lastKnownFileType = sourcecode.swift; path = CreatePostCoordinator.swift; sourceTree = "<group>"; };
		7084A811248099850077284D /* ViewPostCoordinator.swift */ = {isa = PBXFileReference; lastKnownFileType = sourcecode.swift; path = ViewPostCoordinator.swift; sourceTree = "<group>"; };
		70867F96244608F50064482E /* FeedViewController.swift */ = {isa = PBXFileReference; lastKnownFileType = sourcecode.swift; path = FeedViewController.swift; sourceTree = "<group>"; };
		708A29D5248A81E0009E93B3 /* ViewActivitiesCoordinator.swift */ = {isa = PBXFileReference; lastKnownFileType = sourcecode.swift; path = ViewActivitiesCoordinator.swift; sourceTree = "<group>"; };
		708A29DD248A8EF8009E93B3 /* ProfileViewController.swift */ = {isa = PBXFileReference; lastKnownFileType = sourcecode.swift; path = ProfileViewController.swift; sourceTree = "<group>"; };
		708A29DE248A8EF8009E93B3 /* ProfileViewController.xib */ = {isa = PBXFileReference; lastKnownFileType = file.xib; path = ProfileViewController.xib; sourceTree = "<group>"; };
		708A29E1248A967D009E93B3 /* UserCell.swift */ = {isa = PBXFileReference; lastKnownFileType = sourcecode.swift; path = UserCell.swift; sourceTree = "<group>"; };
		708A29E2248A967D009E93B3 /* UserCell.xib */ = {isa = PBXFileReference; lastKnownFileType = file.xib; path = UserCell.xib; sourceTree = "<group>"; };
		708A29E5248A9962009E93B3 /* OptionCell.swift */ = {isa = PBXFileReference; lastKnownFileType = sourcecode.swift; path = OptionCell.swift; sourceTree = "<group>"; };
		708A29E6248A9962009E93B3 /* OptionCell.xib */ = {isa = PBXFileReference; lastKnownFileType = file.xib; path = OptionCell.xib; sourceTree = "<group>"; };
		708A29E9248A9E56009E93B3 /* ProfileCoordinator.swift */ = {isa = PBXFileReference; lastKnownFileType = sourcecode.swift; path = ProfileCoordinator.swift; sourceTree = "<group>"; };
		708A29EB248B2407009E93B3 /* ProfilePresenter.swift */ = {isa = PBXFileReference; lastKnownFileType = sourcecode.swift; path = ProfilePresenter.swift; sourceTree = "<group>"; };
		708A29ED248B242E009E93B3 /* ProfileProtocols.swift */ = {isa = PBXFileReference; lastKnownFileType = sourcecode.swift; path = ProfileProtocols.swift; sourceTree = "<group>"; };
		708A29F0248B2ABB009E93B3 /* EditInformationViewController.swift */ = {isa = PBXFileReference; lastKnownFileType = sourcecode.swift; path = EditInformationViewController.swift; sourceTree = "<group>"; };
		708A29F1248B2ABB009E93B3 /* EditInformationViewController.xib */ = {isa = PBXFileReference; lastKnownFileType = file.xib; path = EditInformationViewController.xib; sourceTree = "<group>"; };
		708A29F4248B2D24009E93B3 /* CameraHandler.swift */ = {isa = PBXFileReference; lastKnownFileType = sourcecode.swift; path = CameraHandler.swift; sourceTree = "<group>"; };
		708A29F6248B3794009E93B3 /* ProfileInterator.swift */ = {isa = PBXFileReference; lastKnownFileType = sourcecode.swift; path = ProfileInterator.swift; sourceTree = "<group>"; };
		708AC212249CF575002E460C /* SettingsViewController.swift */ = {isa = PBXFileReference; lastKnownFileType = sourcecode.swift; path = SettingsViewController.swift; sourceTree = "<group>"; };
		708AC213249CF575002E460C /* SettingsViewController.xib */ = {isa = PBXFileReference; lastKnownFileType = file.xib; path = SettingsViewController.xib; sourceTree = "<group>"; };
		708AC216249CF5CF002E460C /* SettingViewCell.swift */ = {isa = PBXFileReference; lastKnownFileType = sourcecode.swift; path = SettingViewCell.swift; sourceTree = "<group>"; };
		708AC217249CF5CF002E460C /* SettingViewCell.xib */ = {isa = PBXFileReference; lastKnownFileType = file.xib; path = SettingViewCell.xib; sourceTree = "<group>"; };
		708AC21B249CFDD2002E460C /* UserPostsViewController.swift */ = {isa = PBXFileReference; lastKnownFileType = sourcecode.swift; path = UserPostsViewController.swift; sourceTree = "<group>"; };
		708AC21C249CFDD2002E460C /* UserPostsViewController.xib */ = {isa = PBXFileReference; lastKnownFileType = file.xib; path = UserPostsViewController.xib; sourceTree = "<group>"; };
		708E000424C1E3EE00F28A75 /* SFCompactDisplay-Thin.otf */ = {isa = PBXFileReference; lastKnownFileType = file; path = "SFCompactDisplay-Thin.otf"; sourceTree = "<group>"; };
		708E000524C1E3EE00F28A75 /* SFCompactDisplay-Heavy.otf */ = {isa = PBXFileReference; lastKnownFileType = file; path = "SFCompactDisplay-Heavy.otf"; sourceTree = "<group>"; };
		708E000624C1E3EE00F28A75 /* SFCompactDisplay-Ultralight.otf */ = {isa = PBXFileReference; lastKnownFileType = file; path = "SFCompactDisplay-Ultralight.otf"; sourceTree = "<group>"; };
		708E000724C1E3EE00F28A75 /* SFCompactDisplay-Bold.otf */ = {isa = PBXFileReference; lastKnownFileType = file; path = "SFCompactDisplay-Bold.otf"; sourceTree = "<group>"; };
		708E000824C1E3EE00F28A75 /* SFCompactDisplay-Medium.otf */ = {isa = PBXFileReference; lastKnownFileType = file; path = "SFCompactDisplay-Medium.otf"; sourceTree = "<group>"; };
		708E000924C1E3EE00F28A75 /* SFCompactDisplay-Regular.otf */ = {isa = PBXFileReference; lastKnownFileType = file; path = "SFCompactDisplay-Regular.otf"; sourceTree = "<group>"; };
		708E000A24C1E3EE00F28A75 /* SFCompactDisplay-Light.otf */ = {isa = PBXFileReference; lastKnownFileType = file; path = "SFCompactDisplay-Light.otf"; sourceTree = "<group>"; };
		708E000B24C1E3EE00F28A75 /* SFCompactDisplay-Black.otf */ = {isa = PBXFileReference; lastKnownFileType = file; path = "SFCompactDisplay-Black.otf"; sourceTree = "<group>"; };
		708E000C24C1E3EF00F28A75 /* SFCompactDisplay-Semibold.otf */ = {isa = PBXFileReference; lastKnownFileType = file; path = "SFCompactDisplay-Semibold.otf"; sourceTree = "<group>"; };
		70918CC724C0AF4C005B4749 /* LoadingScreen.swift */ = {isa = PBXFileReference; lastKnownFileType = sourcecode.swift; path = LoadingScreen.swift; sourceTree = "<group>"; };
		709E7B462485FA2600274D33 /* ViewActivityViewController.swift */ = {isa = PBXFileReference; lastKnownFileType = sourcecode.swift; path = ViewActivityViewController.swift; sourceTree = "<group>"; };
		709E7B472485FA2600274D33 /* ViewActivityViewController.xib */ = {isa = PBXFileReference; lastKnownFileType = file.xib; path = ViewActivityViewController.xib; sourceTree = "<group>"; };
		709FB1FD24BDF7740010AFDC /* ManegeAccountDelegate.swift */ = {isa = PBXFileReference; lastKnownFileType = sourcecode.swift; path = ManegeAccountDelegate.swift; sourceTree = "<group>"; };
		709FB20024BE07970010AFDC /* SignInEmailPasswordViewController.swift */ = {isa = PBXFileReference; lastKnownFileType = sourcecode.swift; path = SignInEmailPasswordViewController.swift; sourceTree = "<group>"; };
		709FB20124BE07970010AFDC /* SignInEmailPasswordViewController.xib */ = {isa = PBXFileReference; lastKnownFileType = file.xib; path = SignInEmailPasswordViewController.xib; sourceTree = "<group>"; };
		70AF712124C3408E0080A3C2 /* LearningOnBoardViewController.swift */ = {isa = PBXFileReference; lastKnownFileType = sourcecode.swift; path = LearningOnBoardViewController.swift; sourceTree = "<group>"; };
		70AF712224C3408E0080A3C2 /* LearningOnBoardViewController.xib */ = {isa = PBXFileReference; lastKnownFileType = file.xib; path = LearningOnBoardViewController.xib; sourceTree = "<group>"; };
		70AF712524C346180080A3C2 /* TeachingOnBoardViewController.swift */ = {isa = PBXFileReference; lastKnownFileType = sourcecode.swift; path = TeachingOnBoardViewController.swift; sourceTree = "<group>"; };
		70AF712624C346180080A3C2 /* TeachingOnBoardViewController.xib */ = {isa = PBXFileReference; lastKnownFileType = file.xib; path = TeachingOnBoardViewController.xib; sourceTree = "<group>"; };
		70AF712924C355200080A3C2 /* PageViewController.swift */ = {isa = PBXFileReference; lastKnownFileType = sourcecode.swift; path = PageViewController.swift; sourceTree = "<group>"; };
		70AF88DC24C4CFEC002CB888 /* UnderLineTextField.swift */ = {isa = PBXFileReference; lastKnownFileType = sourcecode.swift; path = UnderLineTextField.swift; sourceTree = "<group>"; };
		70AFD98724D06259003AA376 /* Oxygen */ = {isa = PBXFileReference; lastKnownFileType = folder; path = Oxygen; sourceTree = "<group>"; };
		70AFD98924D114E8003AA376 /* ReautheticationScreenViewController.swift */ = {isa = PBXFileReference; lastKnownFileType = sourcecode.swift; path = ReautheticationScreenViewController.swift; sourceTree = "<group>"; };
		70AFD98A24D114E8003AA376 /* ReautheticationScreenViewController.xib */ = {isa = PBXFileReference; lastKnownFileType = file.xib; path = ReautheticationScreenViewController.xib; sourceTree = "<group>"; };
		70B6391A24678F9600966A56 /* SelectLanguagesProtocols.swift */ = {isa = PBXFileReference; lastKnownFileType = sourcecode.swift; path = SelectLanguagesProtocols.swift; sourceTree = "<group>"; };
		70B6391C246792B300966A56 /* LanguageCell.swift */ = {isa = PBXFileReference; lastKnownFileType = sourcecode.swift; path = LanguageCell.swift; sourceTree = "<group>"; };
		70B6391D246792B300966A56 /* LanguageCell.xib */ = {isa = PBXFileReference; lastKnownFileType = file.xib; path = LanguageCell.xib; sourceTree = "<group>"; };
		70C1A04D244D0364008F31DB /* FilterCell.swift */ = {isa = PBXFileReference; lastKnownFileType = sourcecode.swift; path = FilterCell.swift; sourceTree = "<group>"; };
		70C1A04E244D0364008F31DB /* FilterCell.xib */ = {isa = PBXFileReference; lastKnownFileType = file.xib; path = FilterCell.xib; sourceTree = "<group>"; };
		70C1A053244D2210008F31DB /* User.swift */ = {isa = PBXFileReference; lastKnownFileType = sourcecode.swift; path = User.swift; sourceTree = "<group>"; };
		70C1A05D244D2D02008F31DB /* SignUpViewController.swift */ = {isa = PBXFileReference; lastKnownFileType = sourcecode.swift; path = SignUpViewController.swift; sourceTree = "<group>"; };
		70C1A05E244D2D02008F31DB /* SignUpViewController.xib */ = {isa = PBXFileReference; lastKnownFileType = file.xib; path = SignUpViewController.xib; sourceTree = "<group>"; };
		70C1A061244D2F66008F31DB /* SignUpPresenter.swift */ = {isa = PBXFileReference; lastKnownFileType = sourcecode.swift; path = SignUpPresenter.swift; sourceTree = "<group>"; };
		70C1A063244D2F74008F31DB /* SignUpInterator.swift */ = {isa = PBXFileReference; lastKnownFileType = sourcecode.swift; path = SignUpInterator.swift; sourceTree = "<group>"; };
		70C1A065244D2FC9008F31DB /* SignUpProtocols.swift */ = {isa = PBXFileReference; lastKnownFileType = sourcecode.swift; path = SignUpProtocols.swift; sourceTree = "<group>"; };
		70C1A068244D3014008F31DB /* SignUpAPI.swift */ = {isa = PBXFileReference; lastKnownFileType = sourcecode.swift; path = SignUpAPI.swift; sourceTree = "<group>"; };
		70C1A06A244D33A0008F31DB /* TextFieldInterator.swift */ = {isa = PBXFileReference; lastKnownFileType = sourcecode.swift; path = TextFieldInterator.swift; sourceTree = "<group>"; };
		70C1A06C244D4963008F31DB /* InputValidationServiceAPI.swift */ = {isa = PBXFileReference; lastKnownFileType = sourcecode.swift; path = InputValidationServiceAPI.swift; sourceTree = "<group>"; };
		70DD9FF924C4989E00BB6BCD /* PostLabel.swift */ = {isa = PBXFileReference; lastKnownFileType = sourcecode.swift; path = PostLabel.swift; sourceTree = "<group>"; };
		70E8495A24BE307600FD3250 /* SignInEmailPasswordPresenter.swift */ = {isa = PBXFileReference; lastKnownFileType = sourcecode.swift; path = SignInEmailPasswordPresenter.swift; sourceTree = "<group>"; };
		70E8495C24BE308700FD3250 /* SignInEmailPasswordInterator.swift */ = {isa = PBXFileReference; lastKnownFileType = sourcecode.swift; path = SignInEmailPasswordInterator.swift; sourceTree = "<group>"; };
		70E8495E24BE309500FD3250 /* SignInEmailPasswordRouter.swift */ = {isa = PBXFileReference; lastKnownFileType = sourcecode.swift; path = SignInEmailPasswordRouter.swift; sourceTree = "<group>"; };
		70E8496124BE30B900FD3250 /* SignInEmailPasswordProtocols.swift */ = {isa = PBXFileReference; lastKnownFileType = sourcecode.swift; path = SignInEmailPasswordProtocols.swift; sourceTree = "<group>"; };
		70EE70FA2487E28000A9BDDE /* TabNavigationController.swift */ = {isa = PBXFileReference; lastKnownFileType = sourcecode.swift; path = TabNavigationController.swift; sourceTree = "<group>"; };
		70FABC602482A53700825EC9 /* ProjetoIdiomas.entitlements */ = {isa = PBXFileReference; lastKnownFileType = text.plist.entitlements; path = ProjetoIdiomas.entitlements; sourceTree = "<group>"; };
		70FABC622482A7FB00825EC9 /* PushNotificationManeger.swift */ = {isa = PBXFileReference; lastKnownFileType = sourcecode.swift; path = PushNotificationManeger.swift; sourceTree = "<group>"; };
		70FABC642482B02D00825EC9 /* PushNotificationSender.swift */ = {isa = PBXFileReference; lastKnownFileType = sourcecode.swift; path = PushNotificationSender.swift; sourceTree = "<group>"; };
		70FB8B3A24698A900031DBFF /* PostCell.swift */ = {isa = PBXFileReference; lastKnownFileType = sourcecode.swift; path = PostCell.swift; sourceTree = "<group>"; };
		70FB8B3B24698A900031DBFF /* PostCell.xib */ = {isa = PBXFileReference; lastKnownFileType = file.xib; path = PostCell.xib; sourceTree = "<group>"; };
		70FB8B3E24698E100031DBFF /* CommentCell.swift */ = {isa = PBXFileReference; lastKnownFileType = sourcecode.swift; path = CommentCell.swift; sourceTree = "<group>"; };
		70FB8B3F24698E100031DBFF /* CommentCell.xib */ = {isa = PBXFileReference; lastKnownFileType = file.xib; path = CommentCell.xib; sourceTree = "<group>"; };
		70FB8B422469915B0031DBFF /* Comment.swift */ = {isa = PBXFileReference; lastKnownFileType = sourcecode.swift; path = Comment.swift; sourceTree = "<group>"; };
		70FB8B482469BC720031DBFF /* ViewPostProtocols.swift */ = {isa = PBXFileReference; lastKnownFileType = sourcecode.swift; path = ViewPostProtocols.swift; sourceTree = "<group>"; };
		71029F17EEC3D02A947AEDF6 /* Pods-ProjetoIdiomas.debug.xcconfig */ = {isa = PBXFileReference; includeInIndex = 1; lastKnownFileType = text.xcconfig; name = "Pods-ProjetoIdiomas.debug.xcconfig"; path = "Target Support Files/Pods-ProjetoIdiomas/Pods-ProjetoIdiomas.debug.xcconfig"; sourceTree = "<group>"; };
		79ECD0B6CD99EC7D405938E3 /* Pods_ProjetoIdiomas.framework */ = {isa = PBXFileReference; explicitFileType = wrapper.framework; includeInIndex = 0; path = Pods_ProjetoIdiomas.framework; sourceTree = BUILT_PRODUCTS_DIR; };
		BCA2DBB3DE4935D89AAFEB56 /* Pods-ProjetoIdiomas.release.xcconfig */ = {isa = PBXFileReference; includeInIndex = 1; lastKnownFileType = text.xcconfig; name = "Pods-ProjetoIdiomas.release.xcconfig"; path = "Target Support Files/Pods-ProjetoIdiomas/Pods-ProjetoIdiomas.release.xcconfig"; sourceTree = "<group>"; };
/* End PBXFileReference section */

/* Begin PBXFrameworksBuildPhase section */
		707F38452445226200DCEBE6 /* Frameworks */ = {
			isa = PBXFrameworksBuildPhase;
			buildActionMask = 2147483647;
			files = (
				884CB0A1B1AC0B91E8E44827 /* Pods_ProjetoIdiomas.framework in Frameworks */,
			);
			runOnlyForDeploymentPostprocessing = 0;
		};
/* End PBXFrameworksBuildPhase section */

/* Begin PBXGroup section */
		187DB7ECED2CDE623A441D42 /* Pods */ = {
			isa = PBXGroup;
			children = (
				71029F17EEC3D02A947AEDF6 /* Pods-ProjetoIdiomas.debug.xcconfig */,
				BCA2DBB3DE4935D89AAFEB56 /* Pods-ProjetoIdiomas.release.xcconfig */,
			);
			path = Pods;
			sourceTree = "<group>";
		};
		701F3FA624BD241E00A1CC78 /* ChangeLanguages */ = {
			isa = PBXGroup;
			children = (
				701F3FA724BD24BB00A1CC78 /* ChangeLAnguageViewController.swift */,
				701F3FA824BD24BB00A1CC78 /* ChangeLAnguageViewController.xib */,
				70AFD98924D114E8003AA376 /* ReautheticationScreenViewController.swift */,
				70AFD98A24D114E8003AA376 /* ReautheticationScreenViewController.xib */,
			);
			path = ChangeLanguages;
			sourceTree = "<group>";
		};
		701F3FAB24BD347A00A1CC78 /* Extensions */ = {
			isa = PBXGroup;
			children = (
				701F3FAC24BD349C00A1CC78 /* Extension-UIViewController.swift */,
				700C828424C5FDF600F3B43E /* Extension-Date.swift */,
			);
			path = Extensions;
			sourceTree = "<group>";
		};
		70698CE22468546200D2D744 /* CreatePost */ = {
			isa = PBXGroup;
			children = (
				7084A80E248054DB0077284D /* Router */,
				70698CEE24685AAC00D2D744 /* Interator */,
				70698CEB246857FA00D2D744 /* Protocols */,
				70698CE8246857C200D2D744 /* Presenter */,
				70698CE32468547300D2D744 /* Views */,
			);
			path = CreatePost;
			sourceTree = "<group>";
		};
		70698CE32468547300D2D744 /* Views */ = {
			isa = PBXGroup;
			children = (
				70698CE4246854B700D2D744 /* CreatePostViewController.swift */,
				70698CE5246854B700D2D744 /* CreatePostViewController.xib */,
				70698CF1246860AA00D2D744 /* LanguagePopoverController.swift */,
				70698CF2246860AA00D2D744 /* LanguagePopoverController.xib */,
				70AF88DC24C4CFEC002CB888 /* UnderLineTextField.swift */,
			);
			path = Views;
			sourceTree = "<group>";
		};
		70698CE8246857C200D2D744 /* Presenter */ = {
			isa = PBXGroup;
			children = (
				70698CE9246857E600D2D744 /* CreatePostPresenter.swift */,
			);
			path = Presenter;
			sourceTree = "<group>";
		};
		70698CEB246857FA00D2D744 /* Protocols */ = {
			isa = PBXGroup;
			children = (
				70698CEC2468592300D2D744 /* CreatePostProtocols.swift */,
			);
			path = Protocols;
			sourceTree = "<group>";
		};
		70698CEE24685AAC00D2D744 /* Interator */ = {
			isa = PBXGroup;
			children = (
				70698CEF24685ABF00D2D744 /* CreatePostInterator.swift */,
			);
			path = Interator;
			sourceTree = "<group>";
		};
		70698CF52468C3AC00D2D744 /* Errors */ = {
			isa = PBXGroup;
			children = (
				70698CF62468C3C000D2D744 /* Error.swift */,
			);
			path = Errors;
			sourceTree = "<group>";
		};
		70698CF82468DD8F00D2D744 /* ViewPost */ = {
			isa = PBXGroup;
			children = (
				70FB8B472469BC4B0031DBFF /* Protocols */,
				70FB8B462469BC3F0031DBFF /* Router */,
				70FB8B452469BC350031DBFF /* Interator */,
				70FB8B442469BC2A0031DBFF /* Presenter */,
				70698CF92468DDAF00D2D744 /* Views */,
			);
			path = ViewPost;
			sourceTree = "<group>";
		};
		70698CF92468DDAF00D2D744 /* Views */ = {
			isa = PBXGroup;
			children = (
				70698CFA2468DDC800D2D744 /* ViewPostViewController.swift */,
				70698CFB2468DDC800D2D744 /* ViewPostViewController.xib */,
				70FB8B3A24698A900031DBFF /* PostCell.swift */,
				70FB8B3B24698A900031DBFF /* PostCell.xib */,
				70FB8B3E24698E100031DBFF /* CommentCell.swift */,
				70FB8B3F24698E100031DBFF /* CommentCell.xib */,
			);
			path = Views;
			sourceTree = "<group>";
		};
		707F383F2445226200DCEBE6 = {
			isa = PBXGroup;
			children = (
				707F384A2445226200DCEBE6 /* ProjetoIdiomas */,
				707F38492445226200DCEBE6 /* Products */,
				187DB7ECED2CDE623A441D42 /* Pods */,
				D9AFD30672D523069F4E9D0E /* Frameworks */,
			);
			sourceTree = "<group>";
		};
		707F38492445226200DCEBE6 /* Products */ = {
			isa = PBXGroup;
			children = (
				707F38482445226200DCEBE6 /* Project Languages.app */,
			);
			name = Products;
			sourceTree = "<group>";
		};
		707F384A2445226200DCEBE6 /* ProjetoIdiomas */ = {
			isa = PBXGroup;
			children = (
				708E000324C1E3C600F28A75 /* Fontes */,
				701F3FAB24BD347A00A1CC78 /* Extensions */,
				70FABC612482A7DF00825EC9 /* Commons */,
				70FABC602482A53700825EC9 /* ProjetoIdiomas.entitlements */,
				7084A805247FF3D60077284D /* AppRouter */,
				70698CF52468C3AC00D2D744 /* Errors */,
				70C1A056244D2341008F31DB /* Modules */,
				70C1A052244D21CF008F31DB /* Entities */,
				707F384B2445226200DCEBE6 /* AppDelegate.swift */,
				707F384D2445226200DCEBE6 /* SceneDelegate.swift */,
				707F384F2445226200DCEBE6 /* ViewController.swift */,
				707F38512445226200DCEBE6 /* Main.storyboard */,
				707F38542445226400DCEBE6 /* Assets.xcassets */,
				707F38562445226400DCEBE6 /* LaunchScreen.storyboard */,
				707F385F2445290500DCEBE6 /* GoogleService-Info.plist */,
				707F38592445226400DCEBE6 /* Info.plist */,
			);
			path = ProjetoIdiomas;
			sourceTree = "<group>";
		};
		707F386124452D5200DCEBE6 /* Feed */ = {
			isa = PBXGroup;
			children = (
				70C1A051244D21A5008F31DB /* DataManeger */,
				707F386624452DA200DCEBE6 /* Protocols */,
				707F386524452D9C00DCEBE6 /* Router */,
				707F386424452D9500DCEBE6 /* View */,
				707F386324452D7300DCEBE6 /* Interator */,
				707F386224452D6B00DCEBE6 /* Presenter */,
			);
			path = Feed;
			sourceTree = "<group>";
		};
		707F386224452D6B00DCEBE6 /* Presenter */ = {
			isa = PBXGroup;
			children = (
				707F387524454C0200DCEBE6 /* FeedPresenter.swift */,
			);
			path = Presenter;
			sourceTree = "<group>";
		};
		707F386324452D7300DCEBE6 /* Interator */ = {
			isa = PBXGroup;
			children = (
				707F3873244548B200DCEBE6 /* FeedInteator.swift */,
			);
			path = Interator;
			sourceTree = "<group>";
		};
		707F386424452D9500DCEBE6 /* View */ = {
			isa = PBXGroup;
			children = (
				707F386724452DD800DCEBE6 /* FeedViewController.xib */,
				70867F96244608F50064482E /* FeedViewController.swift */,
				704F87522447CDD500C1C4D4 /* FeedCell.swift */,
				704F87532447CDD500C1C4D4 /* FeedCell.xib */,
				70C1A04D244D0364008F31DB /* FilterCell.swift */,
				70C1A04E244D0364008F31DB /* FilterCell.xib */,
				70DD9FF924C4989E00BB6BCD /* PostLabel.swift */,
			);
			path = View;
			sourceTree = "<group>";
		};
		707F386524452D9C00DCEBE6 /* Router */ = {
			isa = PBXGroup;
			children = (
				7084A80C24804C4F0077284D /* FeedCoordinator.swift */,
			);
			path = Router;
			sourceTree = "<group>";
		};
		707F386624452DA200DCEBE6 /* Protocols */ = {
			isa = PBXGroup;
			children = (
				707F386D2445349C00DCEBE6 /* FeedProtocols.swift */,
			);
			path = Protocols;
			sourceTree = "<group>";
		};
		7084A805247FF3D60077284D /* AppRouter */ = {
			isa = PBXGroup;
			children = (
				7084A806247FF3EF0077284D /* AppCoordinator.swift */,
				70EE70FA2487E28000A9BDDE /* TabNavigationController.swift */,
			);
			path = AppRouter;
			sourceTree = "<group>";
		};
		7084A80E248054DB0077284D /* Router */ = {
			isa = PBXGroup;
			children = (
				7084A80F2480561A0077284D /* CreatePostCoordinator.swift */,
			);
			path = Router;
			sourceTree = "<group>";
		};
		708A29D7248A8E75009E93B3 /* Profile */ = {
			isa = PBXGroup;
			children = (
				708AC21A249CFD88002E460C /* UserActivities */,
				708AC20D249CF508002E460C /* Configs */,
				708A29EF248B2A93009E93B3 /* EditInformaion */,
				708A29DC248A8EB7009E93B3 /* Protocols */,
				708A29DB248A8EAE009E93B3 /* Router */,
				708A29DA248A8E97009E93B3 /* Interator */,
				708A29D9248A8E89009E93B3 /* Presenter */,
				708A29D8248A8E82009E93B3 /* View */,
			);
			path = Profile;
			sourceTree = "<group>";
		};
		708A29D8248A8E82009E93B3 /* View */ = {
			isa = PBXGroup;
			children = (
				708A29DD248A8EF8009E93B3 /* ProfileViewController.swift */,
				708A29DE248A8EF8009E93B3 /* ProfileViewController.xib */,
				708A29E1248A967D009E93B3 /* UserCell.swift */,
				708A29E2248A967D009E93B3 /* UserCell.xib */,
				708A29E5248A9962009E93B3 /* OptionCell.swift */,
				708A29E6248A9962009E93B3 /* OptionCell.xib */,
			);
			path = View;
			sourceTree = "<group>";
		};
		708A29D9248A8E89009E93B3 /* Presenter */ = {
			isa = PBXGroup;
			children = (
				708A29EB248B2407009E93B3 /* ProfilePresenter.swift */,
			);
			path = Presenter;
			sourceTree = "<group>";
		};
		708A29DA248A8E97009E93B3 /* Interator */ = {
			isa = PBXGroup;
			children = (
				708A29F6248B3794009E93B3 /* ProfileInterator.swift */,
			);
			path = Interator;
			sourceTree = "<group>";
		};
		708A29DB248A8EAE009E93B3 /* Router */ = {
			isa = PBXGroup;
			children = (
				708A29E9248A9E56009E93B3 /* ProfileCoordinator.swift */,
			);
			path = Router;
			sourceTree = "<group>";
		};
		708A29DC248A8EB7009E93B3 /* Protocols */ = {
			isa = PBXGroup;
			children = (
				708A29ED248B242E009E93B3 /* ProfileProtocols.swift */,
			);
			path = Protocols;
			sourceTree = "<group>";
		};
		708A29EF248B2A93009E93B3 /* EditInformaion */ = {
			isa = PBXGroup;
			children = (
				701F3FA624BD241E00A1CC78 /* ChangeLanguages */,
				708A29F0248B2ABB009E93B3 /* EditInformationViewController.swift */,
				708A29F1248B2ABB009E93B3 /* EditInformationViewController.xib */,
				709FB1FD24BDF7740010AFDC /* ManegeAccountDelegate.swift */,
			);
			path = EditInformaion;
			sourceTree = "<group>";
		};
		708AC20D249CF508002E460C /* Configs */ = {
			isa = PBXGroup;
			children = (
				708AC212249CF575002E460C /* SettingsViewController.swift */,
				708AC216249CF5CF002E460C /* SettingViewCell.swift */,
				708AC217249CF5CF002E460C /* SettingViewCell.xib */,
				708AC213249CF575002E460C /* SettingsViewController.xib */,
			);
			path = Configs;
			sourceTree = "<group>";
		};
		708AC21A249CFD88002E460C /* UserActivities */ = {
			isa = PBXGroup;
			children = (
				708AC21B249CFDD2002E460C /* UserPostsViewController.swift */,
				708AC21C249CFDD2002E460C /* UserPostsViewController.xib */,
			);
			path = UserActivities;
			sourceTree = "<group>";
		};
		708E000324C1E3C600F28A75 /* Fontes */ = {
			isa = PBXGroup;
			children = (
				70AFD98724D06259003AA376 /* Oxygen */,
				708E000B24C1E3EE00F28A75 /* SFCompactDisplay-Black.otf */,
				708E000724C1E3EE00F28A75 /* SFCompactDisplay-Bold.otf */,
				708E000524C1E3EE00F28A75 /* SFCompactDisplay-Heavy.otf */,
				708E000A24C1E3EE00F28A75 /* SFCompactDisplay-Light.otf */,
				708E000824C1E3EE00F28A75 /* SFCompactDisplay-Medium.otf */,
				708E000924C1E3EE00F28A75 /* SFCompactDisplay-Regular.otf */,
				708E000C24C1E3EF00F28A75 /* SFCompactDisplay-Semibold.otf */,
				708E000424C1E3EE00F28A75 /* SFCompactDisplay-Thin.otf */,
				708E000624C1E3EE00F28A75 /* SFCompactDisplay-Ultralight.otf */,
			);
			path = Fontes;
			sourceTree = "<group>";
		};
		709E7B402485F98F00274D33 /* ViewActivity */ = {
			isa = PBXGroup;
			children = (
				709E7B452485F9DE00274D33 /* View */,
				709E7B442485F9D700274D33 /* Interator */,
				709E7B432485F9CD00274D33 /* Protocols */,
				709E7B422485F9BF00274D33 /* Presenter */,
				709E7B412485F9B700274D33 /* Router */,
			);
			path = ViewActivity;
			sourceTree = "<group>";
		};
		709E7B412485F9B700274D33 /* Router */ = {
			isa = PBXGroup;
			children = (
				708A29D5248A81E0009E93B3 /* ViewActivitiesCoordinator.swift */,
			);
			path = Router;
			sourceTree = "<group>";
		};
		709E7B422485F9BF00274D33 /* Presenter */ = {
			isa = PBXGroup;
			children = (
				7075F52A2489DC2800851F28 /* ViewActivitiesPresenter.swift */,
			);
			path = Presenter;
			sourceTree = "<group>";
		};
		709E7B432485F9CD00274D33 /* Protocols */ = {
			isa = PBXGroup;
			children = (
				7075F5282489D4F800851F28 /* ViewActivitiesProtocols.swift */,
			);
			path = Protocols;
			sourceTree = "<group>";
		};
		709E7B442485F9D700274D33 /* Interator */ = {
			isa = PBXGroup;
			children = (
				7075F52C2489DF9A00851F28 /* ViewActivitiesInterator.swift */,
			);
			path = Interator;
			sourceTree = "<group>";
		};
		709E7B452485F9DE00274D33 /* View */ = {
			isa = PBXGroup;
			children = (
				709E7B462485FA2600274D33 /* ViewActivityViewController.swift */,
				709E7B472485FA2600274D33 /* ViewActivityViewController.xib */,
				7075F5222489A4C900851F28 /* ActivityCell.swift */,
				7075F5232489A4C900851F28 /* ActivityCell.xib */,
			);
			path = View;
			sourceTree = "<group>";
		};
		709FB1FF24BE07680010AFDC /* SignInEmailPassword */ = {
			isa = PBXGroup;
			children = (
				70E8496024BE30A300FD3250 /* Protocols */,
				709FB20724BE090C0010AFDC /* View */,
				709FB20624BE08FD0010AFDC /* Router */,
				709FB20524BE08EF0010AFDC /* Interator */,
				709FB20424BE08E60010AFDC /* Presenter */,
			);
			path = SignInEmailPassword;
			sourceTree = "<group>";
		};
		709FB20424BE08E60010AFDC /* Presenter */ = {
			isa = PBXGroup;
			children = (
				70E8495A24BE307600FD3250 /* SignInEmailPasswordPresenter.swift */,
			);
			path = Presenter;
			sourceTree = "<group>";
		};
		709FB20524BE08EF0010AFDC /* Interator */ = {
			isa = PBXGroup;
			children = (
				70E8495C24BE308700FD3250 /* SignInEmailPasswordInterator.swift */,
			);
			path = Interator;
			sourceTree = "<group>";
		};
		709FB20624BE08FD0010AFDC /* Router */ = {
			isa = PBXGroup;
			children = (
				70E8495E24BE309500FD3250 /* SignInEmailPasswordRouter.swift */,
			);
			path = Router;
			sourceTree = "<group>";
		};
		709FB20724BE090C0010AFDC /* View */ = {
			isa = PBXGroup;
			children = (
				709FB20024BE07970010AFDC /* SignInEmailPasswordViewController.swift */,
				709FB20124BE07970010AFDC /* SignInEmailPasswordViewController.xib */,
			);
			path = View;
			sourceTree = "<group>";
		};
		70C1A051244D21A5008F31DB /* DataManeger */ = {
			isa = PBXGroup;
			children = (
				707F386924452ECA00DCEBE6 /* StorageAPI.swift */,
				7030EF53244BB78700093608 /* ImageLoader.swift */,
				707F3871244546D400DCEBE6 /* StateController.swift */,
			);
			path = DataManeger;
			sourceTree = "<group>";
		};
		70C1A052244D21CF008F31DB /* Entities */ = {
			isa = PBXGroup;
			children = (
				707F386B24452FE000DCEBE6 /* Languages.swift */,
				707F386F2445383100DCEBE6 /* Post.swift */,
				70C1A053244D2210008F31DB /* User.swift */,
				70FB8B422469915B0031DBFF /* Comment.swift */,
				7075F5262489A9CA00851F28 /* Notification.swift */,
			);
			path = Entities;
			sourceTree = "<group>";
		};
		70C1A055244D230F008F31DB /* WelcomeModule */ = {
			isa = PBXGroup;
			children = (
				709FB1FF24BE07680010AFDC /* SignInEmailPassword */,
				70E7151E24674FF7008352E1 /* SelectLanguages */,
				70C1A057244D2C99008F31DB /* SignUP */,
			);
			path = WelcomeModule;
			sourceTree = "<group>";
		};
		70C1A056244D2341008F31DB /* Modules */ = {
			isa = PBXGroup;
			children = (
				708A29D7248A8E75009E93B3 /* Profile */,
				709E7B402485F98F00274D33 /* ViewActivity */,
				70698CF82468DD8F00D2D744 /* ViewPost */,
				70698CE22468546200D2D744 /* CreatePost */,
				70C1A055244D230F008F31DB /* WelcomeModule */,
				707F386124452D5200DCEBE6 /* Feed */,
			);
			path = Modules;
			sourceTree = "<group>";
		};
		70C1A057244D2C99008F31DB /* SignUP */ = {
			isa = PBXGroup;
			children = (
				70C1A067244D2FE6008F31DB /* DataManeger */,
				70C1A05C244D2CDC008F31DB /* Protocols */,
				70C1A05B244D2CCE008F31DB /* Router */,
				70C1A05A244D2CBC008F31DB /* Interator */,
				70C1A059244D2CB4008F31DB /* Presenter */,
				70C1A058244D2CA8008F31DB /* View */,
			);
			path = SignUP;
			sourceTree = "<group>";
		};
		70C1A058244D2CA8008F31DB /* View */ = {
			isa = PBXGroup;
			children = (
				70C1A05D244D2D02008F31DB /* SignUpViewController.swift */,
				70C1A05E244D2D02008F31DB /* SignUpViewController.xib */,
			);
			path = View;
			sourceTree = "<group>";
		};
		70C1A059244D2CB4008F31DB /* Presenter */ = {
			isa = PBXGroup;
			children = (
				70C1A061244D2F66008F31DB /* SignUpPresenter.swift */,
			);
			path = Presenter;
			sourceTree = "<group>";
		};
		70C1A05A244D2CBC008F31DB /* Interator */ = {
			isa = PBXGroup;
			children = (
				70C1A063244D2F74008F31DB /* SignUpInterator.swift */,
				70C1A06A244D33A0008F31DB /* TextFieldInterator.swift */,
				7014F16A245201C200C3B78B /* StateTextField.swift */,
			);
			path = Interator;
			sourceTree = "<group>";
		};
		70C1A05B244D2CCE008F31DB /* Router */ = {
			isa = PBXGroup;
			children = (
				7084A808247FFF7E0077284D /* SignUpCoordinator.swift */,
			);
			path = Router;
			sourceTree = "<group>";
		};
		70C1A05C244D2CDC008F31DB /* Protocols */ = {
			isa = PBXGroup;
			children = (
				70C1A065244D2FC9008F31DB /* SignUpProtocols.swift */,
			);
			path = Protocols;
			sourceTree = "<group>";
		};
		70C1A067244D2FE6008F31DB /* DataManeger */ = {
			isa = PBXGroup;
			children = (
				70C1A068244D3014008F31DB /* SignUpAPI.swift */,
				70C1A06C244D4963008F31DB /* InputValidationServiceAPI.swift */,
				7014F1682451EEBD00C3B78B /* TextInputValidation.swift */,
			);
			path = DataManeger;
			sourceTree = "<group>";
		};
		70E7151E24674FF7008352E1 /* SelectLanguages */ = {
			isa = PBXGroup;
			children = (
				70E7152324675131008352E1 /* View */,
				70E71522246750FB008352E1 /* Presenter */,
				70E71521246750F0008352E1 /* Interator */,
				70E71520246750E1008352E1 /* Router */,
				70E7151F246750D3008352E1 /* Protocols */,
			);
			path = SelectLanguages;
			sourceTree = "<group>";
		};
		70E7151F246750D3008352E1 /* Protocols */ = {
			isa = PBXGroup;
			children = (
				70B6391A24678F9600966A56 /* SelectLanguagesProtocols.swift */,
			);
			path = Protocols;
			sourceTree = "<group>";
		};
		70E71520246750E1008352E1 /* Router */ = {
			isa = PBXGroup;
			children = (
				7084A80A24800A350077284D /* SelectLanguagesCoordinator.swift */,
			);
			path = Router;
			sourceTree = "<group>";
		};
		70E71521246750F0008352E1 /* Interator */ = {
			isa = PBXGroup;
			children = (
			);
			path = Interator;
			sourceTree = "<group>";
		};
		70E71522246750FB008352E1 /* Presenter */ = {
			isa = PBXGroup;
			children = (
			);
			path = Presenter;
			sourceTree = "<group>";
		};
		70E7152324675131008352E1 /* View */ = {
			isa = PBXGroup;
			children = (
				7006EB6F24678A1D0040F681 /* SelectLanguageViewController.swift */,
				7006EB7024678A1D0040F681 /* SelectLanguageViewController.xib */,
				70B6391C246792B300966A56 /* LanguageCell.swift */,
				70B6391D246792B300966A56 /* LanguageCell.xib */,
				70AF712124C3408E0080A3C2 /* LearningOnBoardViewController.swift */,
				70AF712224C3408E0080A3C2 /* LearningOnBoardViewController.xib */,
				70AF712524C346180080A3C2 /* TeachingOnBoardViewController.swift */,
				70AF712624C346180080A3C2 /* TeachingOnBoardViewController.xib */,
				70AF712924C355200080A3C2 /* PageViewController.swift */,
			);
			path = View;
			sourceTree = "<group>";
		};
		70E8496024BE30A300FD3250 /* Protocols */ = {
			isa = PBXGroup;
			children = (
				70E8496124BE30B900FD3250 /* SignInEmailPasswordProtocols.swift */,
			);
			path = Protocols;
			sourceTree = "<group>";
		};
		70FABC612482A7DF00825EC9 /* Commons */ = {
			isa = PBXGroup;
			children = (
				706E826924C5E9AD00D87B78 /* SectionColor.swift */,
				70FABC622482A7FB00825EC9 /* PushNotificationManeger.swift */,
				70FABC642482B02D00825EC9 /* PushNotificationSender.swift */,
				708A29F4248B2D24009E93B3 /* CameraHandler.swift */,
				70918CC724C0AF4C005B4749 /* LoadingScreen.swift */,
			);
			path = Commons;
			sourceTree = "<group>";
		};
		70FB8B442469BC2A0031DBFF /* Presenter */ = {
			isa = PBXGroup;
			children = (
				708014BF246AE51D00D917A9 /* ViewPostPresenter.swift */,
			);
			path = Presenter;
			sourceTree = "<group>";
		};
		70FB8B452469BC350031DBFF /* Interator */ = {
			isa = PBXGroup;
			children = (
				702CBD10247F37F20064AA21 /* ViewPostInterator.swift */,
			);
			path = Interator;
			sourceTree = "<group>";
		};
		70FB8B462469BC3F0031DBFF /* Router */ = {
			isa = PBXGroup;
			children = (
				7084A811248099850077284D /* ViewPostCoordinator.swift */,
			);
			path = Router;
			sourceTree = "<group>";
		};
		70FB8B472469BC4B0031DBFF /* Protocols */ = {
			isa = PBXGroup;
			children = (
				70FB8B482469BC720031DBFF /* ViewPostProtocols.swift */,
			);
			path = Protocols;
			sourceTree = "<group>";
		};
		D9AFD30672D523069F4E9D0E /* Frameworks */ = {
			isa = PBXGroup;
			children = (
				79ECD0B6CD99EC7D405938E3 /* Pods_ProjetoIdiomas.framework */,
			);
			name = Frameworks;
			sourceTree = "<group>";
		};
/* End PBXGroup section */

/* Begin PBXNativeTarget section */
		707F38472445226200DCEBE6 /* ProjetoIdiomas */ = {
			isa = PBXNativeTarget;
			buildConfigurationList = 707F385C2445226400DCEBE6 /* Build configuration list for PBXNativeTarget "ProjetoIdiomas" */;
			buildPhases = (
				0546AC9AB88AC2F7C357C8A0 /* [CP] Check Pods Manifest.lock */,
				707F38442445226200DCEBE6 /* Sources */,
				707F38452445226200DCEBE6 /* Frameworks */,
				707F38462445226200DCEBE6 /* Resources */,
				A2061895D4E84648FAD87F6C /* [CP] Embed Pods Frameworks */,
				D40EC84DB867C4AB48D1EC24 /* [CP] Copy Pods Resources */,
			);
			buildRules = (
			);
			dependencies = (
			);
			name = ProjetoIdiomas;
			productName = ProjetoIdiomas;
			productReference = 707F38482445226200DCEBE6 /* Project Languages.app */;
			productType = "com.apple.product-type.application";
		};
/* End PBXNativeTarget section */

/* Begin PBXProject section */
		707F38402445226200DCEBE6 /* Project object */ = {
			isa = PBXProject;
			attributes = {
				LastSwiftUpdateCheck = 1130;
				LastUpgradeCheck = 1130;
				ORGANIZATIONNAME = "Rangel Cardoso Dias";
				TargetAttributes = {
					707F38472445226200DCEBE6 = {
						CreatedOnToolsVersion = 11.3.1;
					};
				};
			};
			buildConfigurationList = 707F38432445226200DCEBE6 /* Build configuration list for PBXProject "ProjetoIdiomas" */;
			compatibilityVersion = "Xcode 9.3";
			developmentRegion = en;
			hasScannedForEncodings = 0;
			knownRegions = (
				en,
				Base,
			);
			mainGroup = 707F383F2445226200DCEBE6;
			productRefGroup = 707F38492445226200DCEBE6 /* Products */;
			projectDirPath = "";
			projectRoot = "";
			targets = (
				707F38472445226200DCEBE6 /* ProjetoIdiomas */,
			);
		};
/* End PBXProject section */

/* Begin PBXResourcesBuildPhase section */
		707F38462445226200DCEBE6 /* Resources */ = {
			isa = PBXResourcesBuildPhase;
			buildActionMask = 2147483647;
			files = (
				70AF712824C346180080A3C2 /* TeachingOnBoardViewController.xib in Resources */,
				708A29E0248A8EF8009E93B3 /* ProfileViewController.xib in Resources */,
				708E001324C1E3EF00F28A75 /* SFCompactDisplay-Light.otf in Resources */,
				70AF712424C3408E0080A3C2 /* LearningOnBoardViewController.xib in Resources */,
				707F38582445226400DCEBE6 /* LaunchScreen.storyboard in Resources */,
				7075F5252489A4C900851F28 /* ActivityCell.xib in Resources */,
				701F3FAA24BD24BB00A1CC78 /* ChangeLAnguageViewController.xib in Resources */,
				708AC21E249CFDD3002E460C /* UserPostsViewController.xib in Resources */,
				707F386824452DD800DCEBE6 /* FeedViewController.xib in Resources */,
				707F38552445226400DCEBE6 /* Assets.xcassets in Resources */,
				708E001524C1E3EF00F28A75 /* SFCompactDisplay-Semibold.otf in Resources */,
				708A29E4248A967D009E93B3 /* UserCell.xib in Resources */,
				708E001224C1E3EF00F28A75 /* SFCompactDisplay-Regular.otf in Resources */,
				70FB8B3D24698A900031DBFF /* PostCell.xib in Resources */,
				70AFD98824D06259003AA376 /* Oxygen in Resources */,
				708E000E24C1E3EF00F28A75 /* SFCompactDisplay-Heavy.otf in Resources */,
				708E001124C1E3EF00F28A75 /* SFCompactDisplay-Medium.otf in Resources */,
				704F87552447CDD500C1C4D4 /* FeedCell.xib in Resources */,
				70698CE7246854B700D2D744 /* CreatePostViewController.xib in Resources */,
				709E7B492485FA2600274D33 /* ViewActivityViewController.xib in Resources */,
				707F38602445290500DCEBE6 /* GoogleService-Info.plist in Resources */,
				708E000F24C1E3EF00F28A75 /* SFCompactDisplay-Ultralight.otf in Resources */,
				70B6391F246792B300966A56 /* LanguageCell.xib in Resources */,
				708AC219249CF5CF002E460C /* SettingViewCell.xib in Resources */,
				708A29E8248A9962009E93B3 /* OptionCell.xib in Resources */,
				708AC215249CF575002E460C /* SettingsViewController.xib in Resources */,
				708A29F3248B2ABB009E93B3 /* EditInformationViewController.xib in Resources */,
				708E001024C1E3EF00F28A75 /* SFCompactDisplay-Bold.otf in Resources */,
				708E000D24C1E3EF00F28A75 /* SFCompactDisplay-Thin.otf in Resources */,
				7006EB7224678A1D0040F681 /* SelectLanguageViewController.xib in Resources */,
				707F38532445226200DCEBE6 /* Main.storyboard in Resources */,
				70FB8B4124698E100031DBFF /* CommentCell.xib in Resources */,
				70698CF4246860AA00D2D744 /* LanguagePopoverController.xib in Resources */,
				70C1A060244D2D02008F31DB /* SignUpViewController.xib in Resources */,
				70C1A050244D0364008F31DB /* FilterCell.xib in Resources */,
				709FB20324BE07970010AFDC /* SignInEmailPasswordViewController.xib in Resources */,
				70698CFD2468DDC800D2D744 /* ViewPostViewController.xib in Resources */,
				708E001424C1E3EF00F28A75 /* SFCompactDisplay-Black.otf in Resources */,
				70AFD98C24D114E8003AA376 /* ReautheticationScreenViewController.xib in Resources */,
			);
			runOnlyForDeploymentPostprocessing = 0;
		};
/* End PBXResourcesBuildPhase section */

/* Begin PBXShellScriptBuildPhase section */
		0546AC9AB88AC2F7C357C8A0 /* [CP] Check Pods Manifest.lock */ = {
			isa = PBXShellScriptBuildPhase;
			buildActionMask = 2147483647;
			files = (
			);
			inputFileListPaths = (
			);
			inputPaths = (
				"${PODS_PODFILE_DIR_PATH}/Podfile.lock",
				"${PODS_ROOT}/Manifest.lock",
			);
			name = "[CP] Check Pods Manifest.lock";
			outputFileListPaths = (
			);
			outputPaths = (
				"$(DERIVED_FILE_DIR)/Pods-ProjetoIdiomas-checkManifestLockResult.txt",
			);
			runOnlyForDeploymentPostprocessing = 0;
			shellPath = /bin/sh;
			shellScript = "diff \"${PODS_PODFILE_DIR_PATH}/Podfile.lock\" \"${PODS_ROOT}/Manifest.lock\" > /dev/null\nif [ $? != 0 ] ; then\n    # print error to STDERR\n    echo \"error: The sandbox is not in sync with the Podfile.lock. Run 'pod install' or update your CocoaPods installation.\" >&2\n    exit 1\nfi\n# This output is used by Xcode 'outputs' to avoid re-running this script phase.\necho \"SUCCESS\" > \"${SCRIPT_OUTPUT_FILE_0}\"\n";
			showEnvVarsInLog = 0;
		};
		A2061895D4E84648FAD87F6C /* [CP] Embed Pods Frameworks */ = {
			isa = PBXShellScriptBuildPhase;
			buildActionMask = 2147483647;
			files = (
			);
			inputFileListPaths = (
				"${PODS_ROOT}/Target Support Files/Pods-ProjetoIdiomas/Pods-ProjetoIdiomas-frameworks-${CONFIGURATION}-input-files.xcfilelist",
			);
			name = "[CP] Embed Pods Frameworks";
			outputFileListPaths = (
				"${PODS_ROOT}/Target Support Files/Pods-ProjetoIdiomas/Pods-ProjetoIdiomas-frameworks-${CONFIGURATION}-output-files.xcfilelist",
			);
			runOnlyForDeploymentPostprocessing = 0;
			shellPath = /bin/sh;
			shellScript = "\"${PODS_ROOT}/Target Support Files/Pods-ProjetoIdiomas/Pods-ProjetoIdiomas-frameworks.sh\"\n";
			showEnvVarsInLog = 0;
		};
		D40EC84DB867C4AB48D1EC24 /* [CP] Copy Pods Resources */ = {
			isa = PBXShellScriptBuildPhase;
			buildActionMask = 2147483647;
			files = (
			);
			inputFileListPaths = (
				"${PODS_ROOT}/Target Support Files/Pods-ProjetoIdiomas/Pods-ProjetoIdiomas-resources-${CONFIGURATION}-input-files.xcfilelist",
			);
			name = "[CP] Copy Pods Resources";
			outputFileListPaths = (
				"${PODS_ROOT}/Target Support Files/Pods-ProjetoIdiomas/Pods-ProjetoIdiomas-resources-${CONFIGURATION}-output-files.xcfilelist",
			);
			runOnlyForDeploymentPostprocessing = 0;
			shellPath = /bin/sh;
			shellScript = "\"${PODS_ROOT}/Target Support Files/Pods-ProjetoIdiomas/Pods-ProjetoIdiomas-resources.sh\"\n";
			showEnvVarsInLog = 0;
		};
/* End PBXShellScriptBuildPhase section */

/* Begin PBXSourcesBuildPhase section */
		707F38442445226200DCEBE6 /* Sources */ = {
			isa = PBXSourcesBuildPhase;
			buildActionMask = 2147483647;
			files = (
				706E826A24C5E9AD00D87B78 /* SectionColor.swift in Sources */,
				707F387624454C0200DCEBE6 /* FeedPresenter.swift in Sources */,
				70918CC824C0AF4C005B4749 /* LoadingScreen.swift in Sources */,
				708014C0246AE51D00D917A9 /* ViewPostPresenter.swift in Sources */,
				7014F16B245201C200C3B78B /* StateTextField.swift in Sources */,
				70E8495F24BE309500FD3250 /* SignInEmailPasswordRouter.swift in Sources */,
				70FABC632482A7FB00825EC9 /* PushNotificationManeger.swift in Sources */,
				70E8496224BE30B900FD3250 /* SignInEmailPasswordProtocols.swift in Sources */,
				70C1A062244D2F66008F31DB /* SignUpPresenter.swift in Sources */,
				70C1A054244D2210008F31DB /* User.swift in Sources */,
				708A29D6248A81E0009E93B3 /* ViewActivitiesCoordinator.swift in Sources */,
				708AC21D249CFDD2002E460C /* UserPostsViewController.swift in Sources */,
				708A29F7248B3794009E93B3 /* ProfileInterator.swift in Sources */,
				7075F5292489D4F800851F28 /* ViewActivitiesProtocols.swift in Sources */,
				707F38702445383100DCEBE6 /* Post.swift in Sources */,
				700C828524C5FDF600F3B43E /* Extension-Date.swift in Sources */,
				708A29DF248A8EF8009E93B3 /* ProfileViewController.swift in Sources */,
				7075F5242489A4C900851F28 /* ActivityCell.swift in Sources */,
				707F38502445226200DCEBE6 /* ViewController.swift in Sources */,
				70FB8B492469BC720031DBFF /* ViewPostProtocols.swift in Sources */,
				7084A809247FFF7E0077284D /* SignUpCoordinator.swift in Sources */,
				708A29EC248B2407009E93B3 /* ProfilePresenter.swift in Sources */,
				707F3874244548B200DCEBE6 /* FeedInteator.swift in Sources */,
				70698CED2468592300D2D744 /* CreatePostProtocols.swift in Sources */,
				708A29E3248A967D009E93B3 /* UserCell.swift in Sources */,
				70C1A066244D2FC9008F31DB /* SignUpProtocols.swift in Sources */,
				707F384C2445226200DCEBE6 /* AppDelegate.swift in Sources */,
				701F3FAD24BD349C00A1CC78 /* Extension-UIViewController.swift in Sources */,
				70C1A06D244D4963008F31DB /* InputValidationServiceAPI.swift in Sources */,
				70AFD98B24D114E8003AA376 /* ReautheticationScreenViewController.swift in Sources */,
				70698CFC2468DDC800D2D744 /* ViewPostViewController.swift in Sources */,
				704F87542447CDD500C1C4D4 /* FeedCell.swift in Sources */,
				7084A807247FF3EF0077284D /* AppCoordinator.swift in Sources */,
				70FB8B4024698E100031DBFF /* CommentCell.swift in Sources */,
				70AF712A24C355200080A3C2 /* PageViewController.swift in Sources */,
				708A29F2248B2ABB009E93B3 /* EditInformationViewController.swift in Sources */,
				7075F5272489A9CA00851F28 /* Notification.swift in Sources */,
				7075F52B2489DC2800851F28 /* ViewActivitiesPresenter.swift in Sources */,
				708A29E7248A9962009E93B3 /* OptionCell.swift in Sources */,
				7006EB7124678A1D0040F681 /* SelectLanguageViewController.swift in Sources */,
				708A29EA248A9E56009E93B3 /* ProfileCoordinator.swift in Sources */,
				709E7B482485FA2600274D33 /* ViewActivityViewController.swift in Sources */,
				70FB8B3C24698A900031DBFF /* PostCell.swift in Sources */,
				70698CF3246860AA00D2D744 /* LanguagePopoverController.swift in Sources */,
				708AC214249CF575002E460C /* SettingsViewController.swift in Sources */,
				702CBD11247F37F20064AA21 /* ViewPostInterator.swift in Sources */,
				70C1A064244D2F74008F31DB /* SignUpInterator.swift in Sources */,
				707F386E2445349C00DCEBE6 /* FeedProtocols.swift in Sources */,
				70698CEA246857E600D2D744 /* CreatePostPresenter.swift in Sources */,
				7084A812248099850077284D /* ViewPostCoordinator.swift in Sources */,
				70FB8B432469915B0031DBFF /* Comment.swift in Sources */,
				70AF88DD24C4CFEC002CB888 /* UnderLineTextField.swift in Sources */,
				709FB20224BE07970010AFDC /* SignInEmailPasswordViewController.swift in Sources */,
				70AF712324C3408E0080A3C2 /* LearningOnBoardViewController.swift in Sources */,
				70C1A04F244D0364008F31DB /* FilterCell.swift in Sources */,
				707F386A24452ECA00DCEBE6 /* StorageAPI.swift in Sources */,
				70C1A05F244D2D02008F31DB /* SignUpViewController.swift in Sources */,
				708AC218249CF5CF002E460C /* SettingViewCell.swift in Sources */,
				70FABC652482B02D00825EC9 /* PushNotificationSender.swift in Sources */,
				7014F1692451EEBD00C3B78B /* TextInputValidation.swift in Sources */,
				70B6391E246792B300966A56 /* LanguageCell.swift in Sources */,
				7084A8102480561A0077284D /* CreatePostCoordinator.swift in Sources */,
				709FB1FE24BDF7750010AFDC /* ManegeAccountDelegate.swift in Sources */,
				70867F97244608F50064482E /* FeedViewController.swift in Sources */,
				70C1A06B244D33A0008F31DB /* TextFieldInterator.swift in Sources */,
				707F3872244546D500DCEBE6 /* StateController.swift in Sources */,
				70AF712724C346180080A3C2 /* TeachingOnBoardViewController.swift in Sources */,
				70698CF72468C3C000D2D744 /* Error.swift in Sources */,
				70698CE6246854B700D2D744 /* CreatePostViewController.swift in Sources */,
				7084A80B24800A350077284D /* SelectLanguagesCoordinator.swift in Sources */,
				70E8495B24BE307600FD3250 /* SignInEmailPasswordPresenter.swift in Sources */,
				708A29F5248B2D24009E93B3 /* CameraHandler.swift in Sources */,
				70B6391B24678F9600966A56 /* SelectLanguagesProtocols.swift in Sources */,
				70EE70FB2487E28000A9BDDE /* TabNavigationController.swift in Sources */,
				7075F52D2489DF9A00851F28 /* ViewActivitiesInterator.swift in Sources */,
				707F384E2445226200DCEBE6 /* SceneDelegate.swift in Sources */,
				70E8495D24BE308700FD3250 /* SignInEmailPasswordInterator.swift in Sources */,
				70698CF024685ABF00D2D744 /* CreatePostInterator.swift in Sources */,
				708A29EE248B242E009E93B3 /* ProfileProtocols.swift in Sources */,
				7084A80D24804C4F0077284D /* FeedCoordinator.swift in Sources */,
				70DD9FFA24C4989E00BB6BCD /* PostLabel.swift in Sources */,
				707F386C24452FE000DCEBE6 /* Languages.swift in Sources */,
				70C1A069244D3014008F31DB /* SignUpAPI.swift in Sources */,
				7030EF54244BB78700093608 /* ImageLoader.swift in Sources */,
				701F3FA924BD24BB00A1CC78 /* ChangeLAnguageViewController.swift in Sources */,
			);
			runOnlyForDeploymentPostprocessing = 0;
		};
/* End PBXSourcesBuildPhase section */

/* Begin PBXVariantGroup section */
		707F38512445226200DCEBE6 /* Main.storyboard */ = {
			isa = PBXVariantGroup;
			children = (
				707F38522445226200DCEBE6 /* Base */,
			);
			name = Main.storyboard;
			sourceTree = "<group>";
		};
		707F38562445226400DCEBE6 /* LaunchScreen.storyboard */ = {
			isa = PBXVariantGroup;
			children = (
				707F38572445226400DCEBE6 /* Base */,
			);
			name = LaunchScreen.storyboard;
			sourceTree = "<group>";
		};
/* End PBXVariantGroup section */

/* Begin XCBuildConfiguration section */
		707F385A2445226400DCEBE6 /* Debug */ = {
			isa = XCBuildConfiguration;
			buildSettings = {
				ALWAYS_SEARCH_USER_PATHS = NO;
				CLANG_ANALYZER_NONNULL = YES;
				CLANG_ANALYZER_NUMBER_OBJECT_CONVERSION = YES_AGGRESSIVE;
				CLANG_CXX_LANGUAGE_STANDARD = "gnu++14";
				CLANG_CXX_LIBRARY = "libc++";
				CLANG_ENABLE_MODULES = YES;
				CLANG_ENABLE_OBJC_ARC = YES;
				CLANG_ENABLE_OBJC_WEAK = YES;
				CLANG_WARN_BLOCK_CAPTURE_AUTORELEASING = YES;
				CLANG_WARN_BOOL_CONVERSION = YES;
				CLANG_WARN_COMMA = YES;
				CLANG_WARN_CONSTANT_CONVERSION = YES;
				CLANG_WARN_DEPRECATED_OBJC_IMPLEMENTATIONS = YES;
				CLANG_WARN_DIRECT_OBJC_ISA_USAGE = YES_ERROR;
				CLANG_WARN_DOCUMENTATION_COMMENTS = YES;
				CLANG_WARN_EMPTY_BODY = YES;
				CLANG_WARN_ENUM_CONVERSION = YES;
				CLANG_WARN_INFINITE_RECURSION = YES;
				CLANG_WARN_INT_CONVERSION = YES;
				CLANG_WARN_NON_LITERAL_NULL_CONVERSION = YES;
				CLANG_WARN_OBJC_IMPLICIT_RETAIN_SELF = YES;
				CLANG_WARN_OBJC_LITERAL_CONVERSION = YES;
				CLANG_WARN_OBJC_ROOT_CLASS = YES_ERROR;
				CLANG_WARN_RANGE_LOOP_ANALYSIS = YES;
				CLANG_WARN_STRICT_PROTOTYPES = YES;
				CLANG_WARN_SUSPICIOUS_MOVE = YES;
				CLANG_WARN_UNGUARDED_AVAILABILITY = YES_AGGRESSIVE;
				CLANG_WARN_UNREACHABLE_CODE = YES;
				CLANG_WARN__DUPLICATE_METHOD_MATCH = YES;
				COPY_PHASE_STRIP = NO;
				DEBUG_INFORMATION_FORMAT = dwarf;
				ENABLE_STRICT_OBJC_MSGSEND = YES;
				ENABLE_TESTABILITY = YES;
				GCC_C_LANGUAGE_STANDARD = gnu11;
				GCC_DYNAMIC_NO_PIC = NO;
				GCC_NO_COMMON_BLOCKS = YES;
				GCC_OPTIMIZATION_LEVEL = 0;
				GCC_PREPROCESSOR_DEFINITIONS = (
					"DEBUG=1",
					"$(inherited)",
				);
				GCC_WARN_64_TO_32_BIT_CONVERSION = YES;
				GCC_WARN_ABOUT_RETURN_TYPE = YES_ERROR;
				GCC_WARN_UNDECLARED_SELECTOR = YES;
				GCC_WARN_UNINITIALIZED_AUTOS = YES_AGGRESSIVE;
				GCC_WARN_UNUSED_FUNCTION = YES;
				GCC_WARN_UNUSED_VARIABLE = YES;
				IPHONEOS_DEPLOYMENT_TARGET = 13.2;
				MTL_ENABLE_DEBUG_INFO = INCLUDE_SOURCE;
				MTL_FAST_MATH = YES;
				ONLY_ACTIVE_ARCH = YES;
				SDKROOT = iphoneos;
				SWIFT_ACTIVE_COMPILATION_CONDITIONS = DEBUG;
				SWIFT_OPTIMIZATION_LEVEL = "-Onone";
			};
			name = Debug;
		};
		707F385B2445226400DCEBE6 /* Release */ = {
			isa = XCBuildConfiguration;
			buildSettings = {
				ALWAYS_SEARCH_USER_PATHS = NO;
				CLANG_ANALYZER_NONNULL = YES;
				CLANG_ANALYZER_NUMBER_OBJECT_CONVERSION = YES_AGGRESSIVE;
				CLANG_CXX_LANGUAGE_STANDARD = "gnu++14";
				CLANG_CXX_LIBRARY = "libc++";
				CLANG_ENABLE_MODULES = YES;
				CLANG_ENABLE_OBJC_ARC = YES;
				CLANG_ENABLE_OBJC_WEAK = YES;
				CLANG_WARN_BLOCK_CAPTURE_AUTORELEASING = YES;
				CLANG_WARN_BOOL_CONVERSION = YES;
				CLANG_WARN_COMMA = YES;
				CLANG_WARN_CONSTANT_CONVERSION = YES;
				CLANG_WARN_DEPRECATED_OBJC_IMPLEMENTATIONS = YES;
				CLANG_WARN_DIRECT_OBJC_ISA_USAGE = YES_ERROR;
				CLANG_WARN_DOCUMENTATION_COMMENTS = YES;
				CLANG_WARN_EMPTY_BODY = YES;
				CLANG_WARN_ENUM_CONVERSION = YES;
				CLANG_WARN_INFINITE_RECURSION = YES;
				CLANG_WARN_INT_CONVERSION = YES;
				CLANG_WARN_NON_LITERAL_NULL_CONVERSION = YES;
				CLANG_WARN_OBJC_IMPLICIT_RETAIN_SELF = YES;
				CLANG_WARN_OBJC_LITERAL_CONVERSION = YES;
				CLANG_WARN_OBJC_ROOT_CLASS = YES_ERROR;
				CLANG_WARN_RANGE_LOOP_ANALYSIS = YES;
				CLANG_WARN_STRICT_PROTOTYPES = YES;
				CLANG_WARN_SUSPICIOUS_MOVE = YES;
				CLANG_WARN_UNGUARDED_AVAILABILITY = YES_AGGRESSIVE;
				CLANG_WARN_UNREACHABLE_CODE = YES;
				CLANG_WARN__DUPLICATE_METHOD_MATCH = YES;
				COPY_PHASE_STRIP = NO;
				DEBUG_INFORMATION_FORMAT = "dwarf-with-dsym";
				ENABLE_NS_ASSERTIONS = NO;
				ENABLE_STRICT_OBJC_MSGSEND = YES;
				GCC_C_LANGUAGE_STANDARD = gnu11;
				GCC_NO_COMMON_BLOCKS = YES;
				GCC_WARN_64_TO_32_BIT_CONVERSION = YES;
				GCC_WARN_ABOUT_RETURN_TYPE = YES_ERROR;
				GCC_WARN_UNDECLARED_SELECTOR = YES;
				GCC_WARN_UNINITIALIZED_AUTOS = YES_AGGRESSIVE;
				GCC_WARN_UNUSED_FUNCTION = YES;
				GCC_WARN_UNUSED_VARIABLE = YES;
				IPHONEOS_DEPLOYMENT_TARGET = 13.2;
				MTL_ENABLE_DEBUG_INFO = NO;
				MTL_FAST_MATH = YES;
				SDKROOT = iphoneos;
				SWIFT_COMPILATION_MODE = wholemodule;
				SWIFT_OPTIMIZATION_LEVEL = "-O";
				VALIDATE_PRODUCT = YES;
			};
			name = Release;
		};
		707F385D2445226400DCEBE6 /* Debug */ = {
			isa = XCBuildConfiguration;
			baseConfigurationReference = 71029F17EEC3D02A947AEDF6 /* Pods-ProjetoIdiomas.debug.xcconfig */;
			buildSettings = {
				ASSETCATALOG_COMPILER_APPICON_NAME = AppIcon;
				CODE_SIGN_ENTITLEMENTS = ProjetoIdiomas/ProjetoIdiomas.entitlements;
				CODE_SIGN_STYLE = Automatic;
				CURRENT_PROJECT_VERSION = 4;
				DEVELOPMENT_TEAM = 536JJFH3JQ;
				INFOPLIST_FILE = ProjetoIdiomas/Info.plist;
				LD_RUNPATH_SEARCH_PATHS = (
					"$(inherited)",
					"@executable_path/Frameworks",
				);
				PRODUCT_BUNDLE_IDENTIFIER = rangel.ProjetoIdiomas;
				PRODUCT_NAME = "Project Languages";
				SWIFT_VERSION = 5.0;
				TARGETED_DEVICE_FAMILY = "1,2";
			};
			name = Debug;
		};
		707F385E2445226400DCEBE6 /* Release */ = {
			isa = XCBuildConfiguration;
			baseConfigurationReference = BCA2DBB3DE4935D89AAFEB56 /* Pods-ProjetoIdiomas.release.xcconfig */;
			buildSettings = {
				ASSETCATALOG_COMPILER_APPICON_NAME = AppIcon;
				CODE_SIGN_ENTITLEMENTS = ProjetoIdiomas/ProjetoIdiomas.entitlements;
				CODE_SIGN_STYLE = Automatic;
				CURRENT_PROJECT_VERSION = 4;
				DEVELOPMENT_TEAM = 536JJFH3JQ;
				INFOPLIST_FILE = ProjetoIdiomas/Info.plist;
				LD_RUNPATH_SEARCH_PATHS = (
					"$(inherited)",
					"@executable_path/Frameworks",
				);
				PRODUCT_BUNDLE_IDENTIFIER = rangel.ProjetoIdiomas;
				PRODUCT_NAME = "Project Languages";
				SWIFT_VERSION = 5.0;
				TARGETED_DEVICE_FAMILY = "1,2";
			};
			name = Release;
		};
/* End XCBuildConfiguration section */

/* Begin XCConfigurationList section */
		707F38432445226200DCEBE6 /* Build configuration list for PBXProject "ProjetoIdiomas" */ = {
			isa = XCConfigurationList;
			buildConfigurations = (
				707F385A2445226400DCEBE6 /* Debug */,
				707F385B2445226400DCEBE6 /* Release */,
			);
			defaultConfigurationIsVisible = 0;
			defaultConfigurationName = Release;
		};
		707F385C2445226400DCEBE6 /* Build configuration list for PBXNativeTarget "ProjetoIdiomas" */ = {
			isa = XCConfigurationList;
			buildConfigurations = (
				707F385D2445226400DCEBE6 /* Debug */,
				707F385E2445226400DCEBE6 /* Release */,
			);
			defaultConfigurationIsVisible = 0;
			defaultConfigurationName = Release;
		};
/* End XCConfigurationList section */
	};
	rootObject = 707F38402445226200DCEBE6 /* Project object */;
}
